// !$*UTF8*$!
{
	archiveVersion = 1;
	classes = {
	};
	objectVersion = 46;
	objects = {

/* Begin PBXBuildFile section */
		0207DA581B56EA530066E2B4 /* Images.xcassets in Resources */ = {isa = PBXBuildFile; fileRef = 0207DA571B56EA530066E2B4 /* Images.xcassets */; };
		07BB3852F4E043B799A3392C /* AVFoundation.framework in Frameworks */ = {isa = PBXBuildFile; fileRef = D5ECE3203093461CBD200BC1 /* AVFoundation.framework */; };
		1048C63EF62A4F0FAC3112E6 /* AudioToolbox.framework in Frameworks */ = {isa = PBXBuildFile; fileRef = 4A39FB3CC9A64F4A8472AE2A /* AudioToolbox.framework */; settings = {ATTRIBUTES = (Weak, ); }; };
		12FBECB102F744DCA1C2045A /* CDVInAppBrowser.m in Sources */ = {isa = PBXBuildFile; fileRef = 9AF5BB7C387C430F8531038F /* CDVInAppBrowser.m */; };
		1464175ED1764A72A12E2828 /* AddressBook.framework in Frameworks */ = {isa = PBXBuildFile; fileRef = 0DCB61B65CE1456FB600EDF3 /* AddressBook.framework */; settings = {ATTRIBUTES = (Weak, ); }; };
		1D3623260D0F684500981E51 /* AppDelegate.m in Sources */ = {isa = PBXBuildFile; fileRef = 1D3623250D0F684500981E51 /* AppDelegate.m */; };
		1D60589B0D05DD56006BFB54 /* main.m in Sources */ = {isa = PBXBuildFile; fileRef = 29B97316FDCFA39411CA2CEA /* main.m */; };
		249DAA6B28804197B0D3F14A /* CDVViewController+SplashScreen.m in Sources */ = {isa = PBXBuildFile; fileRef = 667FC4868DA04C06BE86F70B /* CDVViewController+SplashScreen.m */; };
		301BF552109A68D80062928A /* libCordova.a in Frameworks */ = {isa = PBXBuildFile; fileRef = 301BF535109A57CC0062928A /* libCordova.a */; };
		302D95F114D2391D003F00A1 /* MainViewController.m in Sources */ = {isa = PBXBuildFile; fileRef = 302D95EF14D2391D003F00A1 /* MainViewController.m */; };
		302D95F214D2391D003F00A1 /* MainViewController.xib in Resources */ = {isa = PBXBuildFile; fileRef = 302D95F014D2391D003F00A1 /* MainViewController.xib */; };
		309AAAF756C9496887376759 /* UIImage+CropScaleOrientation.m in Sources */ = {isa = PBXBuildFile; fileRef = B41A7264AE9A4A55897C64D3 /* UIImage+CropScaleOrientation.m */; };
		3BE57A1612484500821D7422 /* CDVContact.m in Sources */ = {isa = PBXBuildFile; fileRef = 15ED7D9AC3744D48A4D204BF /* CDVContact.m */; };
		4407860CCEBA4B018664B849 /* ImageIO.framework in Frameworks */ = {isa = PBXBuildFile; fileRef = 0301D125009E4A168C1D0CF5 /* ImageIO.framework */; settings = {ATTRIBUTES = (Weak, ); }; };
		5DCDD64717244D8EB3F8B0CC /* CDVFile.m in Sources */ = {isa = PBXBuildFile; fileRef = 2604C23A7DA040DC813DF49B /* CDVFile.m */; };
		60FFAC88B43044A3829A8432 /* CDVLogger.m in Sources */ = {isa = PBXBuildFile; fileRef = 2361604B399C4196B9FC4829 /* CDVLogger.m */; };
		65DCE2D6B2DC46C79D4DF78B /* CDVNotification.bundle in Resources */ = {isa = PBXBuildFile; fileRef = 9F3BB4B0573C4A73A49E0138 /* CDVNotification.bundle */; };
		691A9790485944A9A5333AD0 /* CDVCapture.m in Sources */ = {isa = PBXBuildFile; fileRef = 834703D7B22E4A42B0A6F9F5 /* CDVCapture.m */; };
		6AFF5BF91D6E424B00AB3073 /* CDVLaunchScreen.storyboard in Resources */ = {isa = PBXBuildFile; fileRef = 6AFF5BF81D6E424B00AB3073 /* CDVLaunchScreen.storyboard */; };
		70C091767C384B0B83709002 /* CDVFileTransfer.m in Sources */ = {isa = PBXBuildFile; fileRef = 7E2819BD7EBF4D219C9A5A36 /* CDVFileTransfer.m */; };
		7A2CEDCDD148487AABCE64B9 /* CoreTelephony.framework in Frameworks */ = {isa = PBXBuildFile; fileRef = D020199745E04B7EACAC7DBE /* CoreTelephony.framework */; };
		87CB92610793482B8D8C603D /* CDVBattery.m in Sources */ = {isa = PBXBuildFile; fileRef = 618A3E3EB47049A8891BA94C /* CDVBattery.m */; };
		904ECA8404D84C97BA7054F7 /* CoreMotion.framework in Frameworks */ = {isa = PBXBuildFile; fileRef = 06ECE2697DD346FA8BC14597 /* CoreMotion.framework */; };
		91B1045477814DDC92468DD4 /* CDVCompass.m in Sources */ = {isa = PBXBuildFile; fileRef = 38B298B209194C3AA139E65C /* CDVCompass.m */; };
		9353DA086CCF4A5899A1E50C /* CDVConnection.m in Sources */ = {isa = PBXBuildFile; fileRef = 3F756A6DC01E49CF8B3251F8 /* CDVConnection.m */; };
		9489D2F3DC164D5F9ED7CB7E /* CDVJpegHeaderWriter.m in Sources */ = {isa = PBXBuildFile; fileRef = D79A8D21506740819E5E6ED5 /* CDVJpegHeaderWriter.m */; };
		9832EE7CB3254A7692EA77BE /* CDVLocation.m in Sources */ = {isa = PBXBuildFile; fileRef = 56E5B19FC15A411CB1EC99DE /* CDVLocation.m */; };
		A1FD8870D8B14D37B15EE402 /* CDVCamera.m in Sources */ = {isa = PBXBuildFile; fileRef = FFAFDB2C7E594C26A0D20224 /* CDVCamera.m */; };
		A5A2D28DD5D14E6C9F0CA0FB /* SystemConfiguration.framework in Frameworks */ = {isa = PBXBuildFile; fileRef = DBE78D62D411417AAE498A07 /* SystemConfiguration.framework */; settings = {ATTRIBUTES = (Weak, ); }; };
		A5F40F4E6CA14AB0BB14D98A /* CDVSplashScreen.m in Sources */ = {isa = PBXBuildFile; fileRef = 2656DDAC6EFD4CE3B18BBC19 /* CDVSplashScreen.m */; };
		AE38C461C12E415B9764CAA3 /* CDVCapture.bundle in Resources */ = {isa = PBXBuildFile; fileRef = F9603169827A4F9F8312F586 /* CDVCapture.bundle */; };
		B0DE8CB22516451FBCF33F92 /* CDVAccelerometer.m in Sources */ = {isa = PBXBuildFile; fileRef = 6106280E96614225BF95445E /* CDVAccelerometer.m */; };
		B590669E0ED64812AAA06AF5 /* CDVNotification.m in Sources */ = {isa = PBXBuildFile; fileRef = FF5221321EA4473A938C4AFE /* CDVNotification.m */; };
		B79C2F98333D4670926EB592 /* CDVReachability.m in Sources */ = {isa = PBXBuildFile; fileRef = B8387171CEE64445BB31B0A2 /* CDVReachability.m */; };
		C207FF516768407A80B8703B /* CDVGlobalization.m in Sources */ = {isa = PBXBuildFile; fileRef = EEAFF30F195642D49D639874 /* CDVGlobalization.m */; };
		C2CE9796DF204FCEBA247CA9 /* CoreLocation.framework in Frameworks */ = {isa = PBXBuildFile; fileRef = 14301DAB7D5A4B1597C23871 /* CoreLocation.framework */; };
		C388D34A34F74E609DB2DBA9 /* CDVVibration.m in Sources */ = {isa = PBXBuildFile; fileRef = 0A3952632E474A04BF928161 /* CDVVibration.m */; };
		CBD2C62857C9448F9E357C23 /* CDVDevice.m in Sources */ = {isa = PBXBuildFile; fileRef = 2BCE857B4FB242ADB7D7A1BB /* CDVDevice.m */; };
		D200E19FAD124EC19859B95A /* AddressBookUI.framework in Frameworks */ = {isa = PBXBuildFile; fileRef = 3A76CC665B3A46E68E25E55D /* AddressBookUI.framework */; settings = {ATTRIBUTES = (Weak, ); }; };
		D3D23D0DB1DE41E4AEF8945C /* CDVStatusBar.m in Sources */ = {isa = PBXBuildFile; fileRef = 0028AA02F0DA4DAD93349A6A /* CDVStatusBar.m */; };
		DA41F5610D274C299FE29FBA /* CDVContacts.m in Sources */ = {isa = PBXBuildFile; fileRef = FAE63B4EF92748F497B8E08B /* CDVContacts.m */; };
		DF4C93D56A49464D8D69ED09 /* CDVSound.m in Sources */ = {isa = PBXBuildFile; fileRef = 69A6B6B8B711460698ACC3E6 /* CDVSound.m */; };
		E0BA9B0AC3B440C4A68D7D9F /* CDVAssetLibraryFilesystem.m in Sources */ = {isa = PBXBuildFile; fileRef = 278FA4CFAF26469AAD780E4D /* CDVAssetLibraryFilesystem.m */; };
		F8FDBB7E89684918B186581D /* CDVLocalFilesystem.m in Sources */ = {isa = PBXBuildFile; fileRef = 1818874C8D1B4B34862FF224 /* CDVLocalFilesystem.m */; };
/* End PBXBuildFile section */

/* Begin PBXContainerItemProxy section */
		301BF534109A57CC0062928A /* PBXContainerItemProxy */ = {
			isa = PBXContainerItemProxy;
			containerPortal = 301BF52D109A57CC0062928A /* CordovaLib/CordovaLib.xcodeproj */;
			proxyType = 2;
			remoteGlobalIDString = D2AAC07E0554694100DB518D;
			remoteInfo = CordovaLib;
		};
		301BF550109A68C00062928A /* PBXContainerItemProxy */ = {
			isa = PBXContainerItemProxy;
			containerPortal = 301BF52D109A57CC0062928A /* CordovaLib/CordovaLib.xcodeproj */;
			proxyType = 1;
			remoteGlobalIDString = D2AAC07D0554694100DB518D;
			remoteInfo = CordovaLib;
		};
		B3ECF7E41F40E972005EC599 /* PBXContainerItemProxy */ = {
			isa = PBXContainerItemProxy;
			containerPortal = 301BF52D109A57CC0062928A /* CordovaLib/CordovaLib.xcodeproj */;
			proxyType = 2;
			remoteGlobalIDString = C0C01EB21E3911D50056E6CB;
			remoteInfo = Cordova;
		};
/* End PBXContainerItemProxy section */

/* Begin PBXFileReference section */
		0028AA02F0DA4DAD93349A6A /* CDVStatusBar.m */ = {isa = PBXFileReference; explicitFileType = undefined; fileEncoding = 4; includeInIndex = 0; lastKnownFileType = sourcecode.c.objc; name = CDVStatusBar.m; path = "cordova-plugin-statusbar/CDVStatusBar.m"; sourceTree = "<group>"; };
		0207DA571B56EA530066E2B4 /* Images.xcassets */ = {isa = PBXFileReference; lastKnownFileType = folder.assetcatalog; name = Images.xcassets; path = "Medicina Hospitalaria/Images.xcassets"; sourceTree = SOURCE_ROOT; };
		0301D125009E4A168C1D0CF5 /* ImageIO.framework */ = {isa = PBXFileReference; explicitFileType = undefined; fileEncoding = 9; includeInIndex = 0; lastKnownFileType = wrapper.framework; name = ImageIO.framework; path = System/Library/Frameworks/ImageIO.framework; sourceTree = SDKROOT; };
		06ECE2697DD346FA8BC14597 /* CoreMotion.framework */ = {isa = PBXFileReference; explicitFileType = undefined; fileEncoding = 9; includeInIndex = 0; lastKnownFileType = wrapper.framework; name = CoreMotion.framework; path = System/Library/Frameworks/CoreMotion.framework; sourceTree = SDKROOT; };
		0A3952632E474A04BF928161 /* CDVVibration.m */ = {isa = PBXFileReference; explicitFileType = undefined; fileEncoding = 4; includeInIndex = 0; lastKnownFileType = sourcecode.c.objc; name = CDVVibration.m; path = "cordova-plugin-vibration/CDVVibration.m"; sourceTree = "<group>"; };
		0DCB61B65CE1456FB600EDF3 /* AddressBook.framework */ = {isa = PBXFileReference; explicitFileType = undefined; fileEncoding = 9; includeInIndex = 0; lastKnownFileType = wrapper.framework; name = AddressBook.framework; path = System/Library/Frameworks/AddressBook.framework; sourceTree = SDKROOT; };
		14301DAB7D5A4B1597C23871 /* CoreLocation.framework */ = {isa = PBXFileReference; explicitFileType = undefined; fileEncoding = 9; includeInIndex = 0; lastKnownFileType = wrapper.framework; name = CoreLocation.framework; path = System/Library/Frameworks/CoreLocation.framework; sourceTree = SDKROOT; };
		15ED7D9AC3744D48A4D204BF /* CDVContact.m */ = {isa = PBXFileReference; explicitFileType = undefined; fileEncoding = 4; includeInIndex = 0; lastKnownFileType = sourcecode.c.objc; name = CDVContact.m; path = "cordova-plugin-contacts/CDVContact.m"; sourceTree = "<group>"; };
		1818874C8D1B4B34862FF224 /* CDVLocalFilesystem.m */ = {isa = PBXFileReference; explicitFileType = undefined; fileEncoding = 4; includeInIndex = 0; lastKnownFileType = sourcecode.c.objc; name = CDVLocalFilesystem.m; path = "cordova-plugin-file/CDVLocalFilesystem.m"; sourceTree = "<group>"; };
		1D3623240D0F684500981E51 /* AppDelegate.h */ = {isa = PBXFileReference; fileEncoding = 4; lastKnownFileType = sourcecode.c.h; path = AppDelegate.h; sourceTree = "<group>"; };
		1D3623250D0F684500981E51 /* AppDelegate.m */ = {isa = PBXFileReference; fileEncoding = 4; lastKnownFileType = sourcecode.c.objc; path = AppDelegate.m; sourceTree = "<group>"; };
		1D6058910D05DD3D006BFB54 /* Medicina Hospitalaria.app */ = {isa = PBXFileReference; explicitFileType = wrapper.application; includeInIndex = 0; path = "Medicina Hospitalaria.app"; sourceTree = BUILT_PRODUCTS_DIR; };
		2361604B399C4196B9FC4829 /* CDVLogger.m */ = {isa = PBXFileReference; explicitFileType = undefined; fileEncoding = 4; includeInIndex = 0; lastKnownFileType = sourcecode.c.objc; name = CDVLogger.m; path = "cordova-plugin-console/CDVLogger.m"; sourceTree = "<group>"; };
		2604C23A7DA040DC813DF49B /* CDVFile.m */ = {isa = PBXFileReference; explicitFileType = undefined; fileEncoding = 4; includeInIndex = 0; lastKnownFileType = sourcecode.c.objc; name = CDVFile.m; path = "cordova-plugin-file/CDVFile.m"; sourceTree = "<group>"; };
		2656DDAC6EFD4CE3B18BBC19 /* CDVSplashScreen.m */ = {isa = PBXFileReference; explicitFileType = undefined; fileEncoding = 4; includeInIndex = 0; lastKnownFileType = sourcecode.c.objc; name = CDVSplashScreen.m; path = "cordova-plugin-splashscreen/CDVSplashScreen.m"; sourceTree = "<group>"; };
		278FA4CFAF26469AAD780E4D /* CDVAssetLibraryFilesystem.m */ = {isa = PBXFileReference; explicitFileType = undefined; fileEncoding = 4; includeInIndex = 0; lastKnownFileType = sourcecode.c.objc; name = CDVAssetLibraryFilesystem.m; path = "cordova-plugin-file/CDVAssetLibraryFilesystem.m"; sourceTree = "<group>"; };
		29B97316FDCFA39411CA2CEA /* main.m */ = {isa = PBXFileReference; fileEncoding = 4; lastKnownFileType = sourcecode.c.objc; path = main.m; sourceTree = "<group>"; };
		2BCE857B4FB242ADB7D7A1BB /* CDVDevice.m */ = {isa = PBXFileReference; explicitFileType = undefined; fileEncoding = 4; includeInIndex = 0; lastKnownFileType = sourcecode.c.objc; name = CDVDevice.m; path = "cordova-plugin-device/CDVDevice.m"; sourceTree = "<group>"; };
		2BEE32ED47EC4F4CB86C50E7 /* CDVJpegHeaderWriter.h */ = {isa = PBXFileReference; explicitFileType = undefined; fileEncoding = 4; includeInIndex = 0; lastKnownFileType = sourcecode.c.h; name = CDVJpegHeaderWriter.h; path = "cordova-plugin-camera/CDVJpegHeaderWriter.h"; sourceTree = "<group>"; };
		2CF9560F6D524A60A7E79EEB /* UIImage+CropScaleOrientation.h */ = {isa = PBXFileReference; explicitFileType = undefined; fileEncoding = 4; includeInIndex = 0; lastKnownFileType = sourcecode.c.h; name = "UIImage+CropScaleOrientation.h"; path = "cordova-plugin-camera/UIImage+CropScaleOrientation.h"; sourceTree = "<group>"; };
		2EC4E56A56214972B34D2C90 /* CDVFile.h */ = {isa = PBXFileReference; explicitFileType = undefined; fileEncoding = 4; includeInIndex = 0; lastKnownFileType = sourcecode.c.h; name = CDVFile.h; path = "cordova-plugin-file/CDVFile.h"; sourceTree = "<group>"; };
		301BF52D109A57CC0062928A /* CordovaLib/CordovaLib.xcodeproj */ = {isa = PBXFileReference; lastKnownFileType = "wrapper.pb-project"; path = CordovaLib/CordovaLib.xcodeproj; sourceTree = "<group>"; };
		301BF56E109A69640062928A /* www */ = {isa = PBXFileReference; lastKnownFileType = folder; path = www; sourceTree = SOURCE_ROOT; };
		302D95EE14D2391D003F00A1 /* MainViewController.h */ = {isa = PBXFileReference; fileEncoding = 4; lastKnownFileType = sourcecode.c.h; path = MainViewController.h; sourceTree = "<group>"; };
		302D95EF14D2391D003F00A1 /* MainViewController.m */ = {isa = PBXFileReference; fileEncoding = 4; lastKnownFileType = sourcecode.c.objc; path = MainViewController.m; sourceTree = "<group>"; };
		302D95F014D2391D003F00A1 /* MainViewController.xib */ = {isa = PBXFileReference; fileEncoding = 4; lastKnownFileType = file.xib; path = MainViewController.xib; sourceTree = "<group>"; };
		3047A50F1AB8059700498E2A /* build-debug.xcconfig */ = {isa = PBXFileReference; fileEncoding = 4; lastKnownFileType = text.xcconfig; name = "build-debug.xcconfig"; path = "cordova/build-debug.xcconfig"; sourceTree = SOURCE_ROOT; };
		3047A5101AB8059700498E2A /* build-release.xcconfig */ = {isa = PBXFileReference; fileEncoding = 4; lastKnownFileType = text.xcconfig; name = "build-release.xcconfig"; path = "cordova/build-release.xcconfig"; sourceTree = SOURCE_ROOT; };
		3047A5111AB8059700498E2A /* build.xcconfig */ = {isa = PBXFileReference; fileEncoding = 4; lastKnownFileType = text.xcconfig; name = build.xcconfig; path = cordova/build.xcconfig; sourceTree = SOURCE_ROOT; };
		32CA4F630368D1EE00C91783 /* Medicina Hospitalaria-Prefix.pch */ = {isa = PBXFileReference; fileEncoding = 4; lastKnownFileType = sourcecode.c.h; path = "Medicina Hospitalaria-Prefix.pch"; sourceTree = "<group>"; };
		33A2EDA874BE472C91642860 /* CDVGlobalization.h */ = {isa = PBXFileReference; explicitFileType = undefined; fileEncoding = 4; includeInIndex = 0; lastKnownFileType = sourcecode.c.h; name = CDVGlobalization.h; path = "cordova-plugin-globalization/CDVGlobalization.h"; sourceTree = "<group>"; };
		38B298B209194C3AA139E65C /* CDVCompass.m */ = {isa = PBXFileReference; explicitFileType = undefined; fileEncoding = 4; includeInIndex = 0; lastKnownFileType = sourcecode.c.objc; name = CDVCompass.m; path = "cordova-plugin-device-orientation/CDVCompass.m"; sourceTree = "<group>"; };
		39F36EDAB1F34C7E9025C706 /* CDVContacts.h */ = {isa = PBXFileReference; explicitFileType = undefined; fileEncoding = 4; includeInIndex = 0; lastKnownFileType = sourcecode.c.h; name = CDVContacts.h; path = "cordova-plugin-contacts/CDVContacts.h"; sourceTree = "<group>"; };
		3A76CC665B3A46E68E25E55D /* AddressBookUI.framework */ = {isa = PBXFileReference; explicitFileType = undefined; fileEncoding = 9; includeInIndex = 0; lastKnownFileType = wrapper.framework; name = AddressBookUI.framework; path = System/Library/Frameworks/AddressBookUI.framework; sourceTree = SDKROOT; };
		3F756A6DC01E49CF8B3251F8 /* CDVConnection.m */ = {isa = PBXFileReference; explicitFileType = undefined; fileEncoding = 4; includeInIndex = 0; lastKnownFileType = sourcecode.c.objc; name = CDVConnection.m; path = "cordova-plugin-network-information/CDVConnection.m"; sourceTree = "<group>"; };
		440765BB5781412ABA5BD70E /* CDVContact.h */ = {isa = PBXFileReference; explicitFileType = undefined; fileEncoding = 4; includeInIndex = 0; lastKnownFileType = sourcecode.c.h; name = CDVContact.h; path = "cordova-plugin-contacts/CDVContact.h"; sourceTree = "<group>"; };
		4A39FB3CC9A64F4A8472AE2A /* AudioToolbox.framework */ = {isa = PBXFileReference; explicitFileType = undefined; fileEncoding = 9; includeInIndex = 0; lastKnownFileType = wrapper.framework; name = AudioToolbox.framework; path = System/Library/Frameworks/AudioToolbox.framework; sourceTree = SDKROOT; };
		4C536508D2CD45869F98B66C /* CDVCapture.h */ = {isa = PBXFileReference; explicitFileType = undefined; fileEncoding = 4; includeInIndex = 0; lastKnownFileType = sourcecode.c.h; name = CDVCapture.h; path = "cordova-plugin-media-capture/CDVCapture.h"; sourceTree = "<group>"; };
		4F95AE94187746D2965AF2C0 /* CDVSound.h */ = {isa = PBXFileReference; explicitFileType = undefined; fileEncoding = 4; includeInIndex = 0; lastKnownFileType = sourcecode.c.h; name = CDVSound.h; path = "cordova-plugin-media/CDVSound.h"; sourceTree = "<group>"; };
		566D3FEA25074BEFB2544CA5 /* CDVFileTransfer.h */ = {isa = PBXFileReference; explicitFileType = undefined; fileEncoding = 4; includeInIndex = 0; lastKnownFileType = sourcecode.c.h; name = CDVFileTransfer.h; path = "cordova-plugin-file-transfer/CDVFileTransfer.h"; sourceTree = "<group>"; };
		56E5B19FC15A411CB1EC99DE /* CDVLocation.m */ = {isa = PBXFileReference; explicitFileType = undefined; fileEncoding = 4; includeInIndex = 0; lastKnownFileType = sourcecode.c.objc; name = CDVLocation.m; path = "cordova-plugin-geolocation/CDVLocation.m"; sourceTree = "<group>"; };
		5AC06F9CD4AD4E2B995B1E06 /* CDVCompass.h */ = {isa = PBXFileReference; explicitFileType = undefined; fileEncoding = 4; includeInIndex = 0; lastKnownFileType = sourcecode.c.h; name = CDVCompass.h; path = "cordova-plugin-device-orientation/CDVCompass.h"; sourceTree = "<group>"; };
		6106280E96614225BF95445E /* CDVAccelerometer.m */ = {isa = PBXFileReference; explicitFileType = undefined; fileEncoding = 4; includeInIndex = 0; lastKnownFileType = sourcecode.c.objc; name = CDVAccelerometer.m; path = "cordova-plugin-device-motion/CDVAccelerometer.m"; sourceTree = "<group>"; };
		618A3E3EB47049A8891BA94C /* CDVBattery.m */ = {isa = PBXFileReference; explicitFileType = undefined; fileEncoding = 4; includeInIndex = 0; lastKnownFileType = sourcecode.c.objc; name = CDVBattery.m; path = "cordova-plugin-battery-status/CDVBattery.m"; sourceTree = "<group>"; };
		667FC4868DA04C06BE86F70B /* CDVViewController+SplashScreen.m */ = {isa = PBXFileReference; explicitFileType = undefined; fileEncoding = 4; includeInIndex = 0; lastKnownFileType = sourcecode.c.objc; name = "CDVViewController+SplashScreen.m"; path = "cordova-plugin-splashscreen/CDVViewController+SplashScreen.m"; sourceTree = "<group>"; };
		69A6B6B8B711460698ACC3E6 /* CDVSound.m */ = {isa = PBXFileReference; explicitFileType = undefined; fileEncoding = 4; includeInIndex = 0; lastKnownFileType = sourcecode.c.objc; name = CDVSound.m; path = "cordova-plugin-media/CDVSound.m"; sourceTree = "<group>"; };
		6AFF5BF81D6E424B00AB3073 /* CDVLaunchScreen.storyboard */ = {isa = PBXFileReference; fileEncoding = 4; lastKnownFileType = file.storyboard; name = CDVLaunchScreen.storyboard; path = "Medicina Hospitalaria/CDVLaunchScreen.storyboard"; sourceTree = SOURCE_ROOT; };
		72AF759851654C0CB5356708 /* CDVViewController+SplashScreen.h */ = {isa = PBXFileReference; explicitFileType = undefined; fileEncoding = 4; includeInIndex = 0; lastKnownFileType = sourcecode.c.h; name = "CDVViewController+SplashScreen.h"; path = "cordova-plugin-splashscreen/CDVViewController+SplashScreen.h"; sourceTree = "<group>"; };
		78EF69DD1B0C4EC38873FC50 /* CDVAccelerometer.h */ = {isa = PBXFileReference; explicitFileType = undefined; fileEncoding = 4; includeInIndex = 0; lastKnownFileType = sourcecode.c.h; name = CDVAccelerometer.h; path = "cordova-plugin-device-motion/CDVAccelerometer.h"; sourceTree = "<group>"; };
		7D9B9B604B644DF89973A1C1 /* CDVNotification.h */ = {isa = PBXFileReference; explicitFileType = undefined; fileEncoding = 4; includeInIndex = 0; lastKnownFileType = sourcecode.c.h; name = CDVNotification.h; path = "cordova-plugin-dialogs/CDVNotification.h"; sourceTree = "<group>"; };
		7E2819BD7EBF4D219C9A5A36 /* CDVFileTransfer.m */ = {isa = PBXFileReference; explicitFileType = undefined; fileEncoding = 4; includeInIndex = 0; lastKnownFileType = sourcecode.c.objc; name = CDVFileTransfer.m; path = "cordova-plugin-file-transfer/CDVFileTransfer.m"; sourceTree = "<group>"; };
		834703D7B22E4A42B0A6F9F5 /* CDVCapture.m */ = {isa = PBXFileReference; explicitFileType = undefined; fileEncoding = 4; includeInIndex = 0; lastKnownFileType = sourcecode.c.objc; name = CDVCapture.m; path = "cordova-plugin-media-capture/CDVCapture.m"; sourceTree = "<group>"; };
		86CF32B3690A41EAB4C5A1A5 /* CDVDevice.h */ = {isa = PBXFileReference; explicitFileType = undefined; fileEncoding = 4; includeInIndex = 0; lastKnownFileType = sourcecode.c.h; name = CDVDevice.h; path = "cordova-plugin-device/CDVDevice.h"; sourceTree = "<group>"; };
		892357A72E264BC68B967B99 /* CDVVibration.h */ = {isa = PBXFileReference; explicitFileType = undefined; fileEncoding = 4; includeInIndex = 0; lastKnownFileType = sourcecode.c.h; name = CDVVibration.h; path = "cordova-plugin-vibration/CDVVibration.h"; sourceTree = "<group>"; };
		8D1107310486CEB800E47090 /* Medicina Hospitalaria-Info.plist */ = {isa = PBXFileReference; fileEncoding = 4; lastKnownFileType = text.plist.xml; name = "Medicina Hospitalaria-Info.plist"; path = "Medicina Hospitalaria/Medicina Hospitalaria-Info.plist"; plistStructureDefinitionIdentifier = "com.apple.xcode.plist.structure-definition.iphone.info-plist"; sourceTree = SOURCE_ROOT; };
		927B3343956342759EE5429D /* CDVLogger.h */ = {isa = PBXFileReference; explicitFileType = undefined; fileEncoding = 4; includeInIndex = 0; lastKnownFileType = sourcecode.c.h; name = CDVLogger.h; path = "cordova-plugin-console/CDVLogger.h"; sourceTree = "<group>"; };
		97FB0A832236469C9DD68582 /* CDVLocation.h */ = {isa = PBXFileReference; explicitFileType = undefined; fileEncoding = 4; includeInIndex = 0; lastKnownFileType = sourcecode.c.h; name = CDVLocation.h; path = "cordova-plugin-geolocation/CDVLocation.h"; sourceTree = "<group>"; };
		9941B1DE64564713874B3AAA /* CDVConnection.h */ = {isa = PBXFileReference; explicitFileType = undefined; fileEncoding = 4; includeInIndex = 0; lastKnownFileType = sourcecode.c.h; name = CDVConnection.h; path = "cordova-plugin-network-information/CDVConnection.h"; sourceTree = "<group>"; };
		9AF5BB7C387C430F8531038F /* CDVInAppBrowser.m */ = {isa = PBXFileReference; explicitFileType = undefined; fileEncoding = 4; includeInIndex = 0; lastKnownFileType = sourcecode.c.objc; name = CDVInAppBrowser.m; path = "cordova-plugin-inappbrowser/CDVInAppBrowser.m"; sourceTree = "<group>"; };
		9F3BB4B0573C4A73A49E0138 /* CDVNotification.bundle */ = {isa = PBXFileReference; explicitFileType = undefined; fileEncoding = 9; includeInIndex = 0; lastKnownFileType = "wrapper.plug-in"; path = CDVNotification.bundle; sourceTree = "<group>"; };
		A864E241650A4C6880B5E825 /* CDVSplashScreen.h */ = {isa = PBXFileReference; explicitFileType = undefined; fileEncoding = 4; includeInIndex = 0; lastKnownFileType = sourcecode.c.h; name = CDVSplashScreen.h; path = "cordova-plugin-splashscreen/CDVSplashScreen.h"; sourceTree = "<group>"; };
		AFBFDAF9DB474B67AE096BBC /* CDVLocalFilesystem.h */ = {isa = PBXFileReference; explicitFileType = undefined; fileEncoding = 4; includeInIndex = 0; lastKnownFileType = sourcecode.c.h; name = CDVLocalFilesystem.h; path = "cordova-plugin-file/CDVLocalFilesystem.h"; sourceTree = "<group>"; };
		B41A7264AE9A4A55897C64D3 /* UIImage+CropScaleOrientation.m */ = {isa = PBXFileReference; explicitFileType = undefined; fileEncoding = 4; includeInIndex = 0; lastKnownFileType = sourcecode.c.objc; name = "UIImage+CropScaleOrientation.m"; path = "cordova-plugin-camera/UIImage+CropScaleOrientation.m"; sourceTree = "<group>"; };
		B8387171CEE64445BB31B0A2 /* CDVReachability.m */ = {isa = PBXFileReference; explicitFileType = undefined; fileEncoding = 4; includeInIndex = 0; lastKnownFileType = sourcecode.c.objc; name = CDVReachability.m; path = "cordova-plugin-network-information/CDVReachability.m"; sourceTree = "<group>"; };
		BA16FE404D4042BEAF8ED16C /* CDVAssetLibraryFilesystem.h */ = {isa = PBXFileReference; explicitFileType = undefined; fileEncoding = 4; includeInIndex = 0; lastKnownFileType = sourcecode.c.h; name = CDVAssetLibraryFilesystem.h; path = "cordova-plugin-file/CDVAssetLibraryFilesystem.h"; sourceTree = "<group>"; };
		BDAC57B5BC244C2B8FBD71AD /* CDVBattery.h */ = {isa = PBXFileReference; explicitFileType = undefined; fileEncoding = 4; includeInIndex = 0; lastKnownFileType = sourcecode.c.h; name = CDVBattery.h; path = "cordova-plugin-battery-status/CDVBattery.h"; sourceTree = "<group>"; };
		CF9E2FE554104A299CEB3847 /* CDVInAppBrowser.h */ = {isa = PBXFileReference; explicitFileType = undefined; fileEncoding = 4; includeInIndex = 0; lastKnownFileType = sourcecode.c.h; name = CDVInAppBrowser.h; path = "cordova-plugin-inappbrowser/CDVInAppBrowser.h"; sourceTree = "<group>"; };
		D020199745E04B7EACAC7DBE /* CoreTelephony.framework */ = {isa = PBXFileReference; explicitFileType = undefined; fileEncoding = 9; includeInIndex = 0; lastKnownFileType = wrapper.framework; name = CoreTelephony.framework; path = System/Library/Frameworks/CoreTelephony.framework; sourceTree = SDKROOT; };
		D5ECE3203093461CBD200BC1 /* AVFoundation.framework */ = {isa = PBXFileReference; explicitFileType = undefined; fileEncoding = 9; includeInIndex = 0; lastKnownFileType = wrapper.framework; name = AVFoundation.framework; path = System/Library/Frameworks/AVFoundation.framework; sourceTree = SDKROOT; };
		D79A8D21506740819E5E6ED5 /* CDVJpegHeaderWriter.m */ = {isa = PBXFileReference; explicitFileType = undefined; fileEncoding = 4; includeInIndex = 0; lastKnownFileType = sourcecode.c.objc; name = CDVJpegHeaderWriter.m; path = "cordova-plugin-camera/CDVJpegHeaderWriter.m"; sourceTree = "<group>"; };
		DBE78D62D411417AAE498A07 /* SystemConfiguration.framework */ = {isa = PBXFileReference; explicitFileType = undefined; fileEncoding = 9; includeInIndex = 0; lastKnownFileType = wrapper.framework; name = SystemConfiguration.framework; path = System/Library/Frameworks/SystemConfiguration.framework; sourceTree = SDKROOT; };
		DDA915EAFEFF4C0D96B827D9 /* CDVExif.h */ = {isa = PBXFileReference; explicitFileType = undefined; fileEncoding = 4; includeInIndex = 0; lastKnownFileType = sourcecode.c.h; name = CDVExif.h; path = "cordova-plugin-camera/CDVExif.h"; sourceTree = "<group>"; };
		EB87FDF31871DA8E0020F90C /* www */ = {isa = PBXFileReference; lastKnownFileType = folder; name = www; path = ../../www; sourceTree = "<group>"; };
		EB87FDF41871DAF40020F90C /* config.xml */ = {isa = PBXFileReference; lastKnownFileType = text.xml; name = config.xml; path = ../../config.xml; sourceTree = "<group>"; };
		ED33DF2A687741AEAF9F8254 /* Bridging-Header.h */ = {isa = PBXFileReference; fileEncoding = 4; lastKnownFileType = sourcecode.c.h; path = "Bridging-Header.h"; sourceTree = "<group>"; };
		EEAFF30F195642D49D639874 /* CDVGlobalization.m */ = {isa = PBXFileReference; explicitFileType = undefined; fileEncoding = 4; includeInIndex = 0; lastKnownFileType = sourcecode.c.objc; name = CDVGlobalization.m; path = "cordova-plugin-globalization/CDVGlobalization.m"; sourceTree = "<group>"; };
		F371B6DDBBE141F390238980 /* CDVReachability.h */ = {isa = PBXFileReference; explicitFileType = undefined; fileEncoding = 4; includeInIndex = 0; lastKnownFileType = sourcecode.c.h; name = CDVReachability.h; path = "cordova-plugin-network-information/CDVReachability.h"; sourceTree = "<group>"; };
		F5750EEFD1884261907B69D9 /* CDVStatusBar.h */ = {isa = PBXFileReference; explicitFileType = undefined; fileEncoding = 4; includeInIndex = 0; lastKnownFileType = sourcecode.c.h; name = CDVStatusBar.h; path = "cordova-plugin-statusbar/CDVStatusBar.h"; sourceTree = "<group>"; };
		F83549FC47D84AAE81A91813 /* CDVCamera.h */ = {isa = PBXFileReference; explicitFileType = undefined; fileEncoding = 4; includeInIndex = 0; lastKnownFileType = sourcecode.c.h; name = CDVCamera.h; path = "cordova-plugin-camera/CDVCamera.h"; sourceTree = "<group>"; };
		F840E1F0165FE0F500CFE078 /* config.xml */ = {isa = PBXFileReference; lastKnownFileType = text.xml; name = config.xml; path = "Medicina Hospitalaria/config.xml"; sourceTree = "<group>"; };
		F9603169827A4F9F8312F586 /* CDVCapture.bundle */ = {isa = PBXFileReference; explicitFileType = undefined; fileEncoding = 9; includeInIndex = 0; lastKnownFileType = "wrapper.plug-in"; path = CDVCapture.bundle; sourceTree = "<group>"; };
		FAE63B4EF92748F497B8E08B /* CDVContacts.m */ = {isa = PBXFileReference; explicitFileType = undefined; fileEncoding = 4; includeInIndex = 0; lastKnownFileType = sourcecode.c.objc; name = CDVContacts.m; path = "cordova-plugin-contacts/CDVContacts.m"; sourceTree = "<group>"; };
		FF5221321EA4473A938C4AFE /* CDVNotification.m */ = {isa = PBXFileReference; explicitFileType = undefined; fileEncoding = 4; includeInIndex = 0; lastKnownFileType = sourcecode.c.objc; name = CDVNotification.m; path = "cordova-plugin-dialogs/CDVNotification.m"; sourceTree = "<group>"; };
		FFAFDB2C7E594C26A0D20224 /* CDVCamera.m */ = {isa = PBXFileReference; explicitFileType = undefined; fileEncoding = 4; includeInIndex = 0; lastKnownFileType = sourcecode.c.objc; name = CDVCamera.m; path = "cordova-plugin-camera/CDVCamera.m"; sourceTree = "<group>"; };
/* End PBXFileReference section */

/* Begin PBXFrameworksBuildPhase section */
		1D60588F0D05DD3D006BFB54 /* Frameworks */ = {
			isa = PBXFrameworksBuildPhase;
			buildActionMask = 2147483647;
			files = (
				301BF552109A68D80062928A /* libCordova.a in Frameworks */,
				4407860CCEBA4B018664B849 /* ImageIO.framework in Frameworks */,
				C2CE9796DF204FCEBA247CA9 /* CoreLocation.framework in Frameworks */,
				07BB3852F4E043B799A3392C /* AVFoundation.framework in Frameworks */,
				1464175ED1764A72A12E2828 /* AddressBook.framework in Frameworks */,
				D200E19FAD124EC19859B95A /* AddressBookUI.framework in Frameworks */,
				904ECA8404D84C97BA7054F7 /* CoreMotion.framework in Frameworks */,
				1048C63EF62A4F0FAC3112E6 /* AudioToolbox.framework in Frameworks */,
				A5A2D28DD5D14E6C9F0CA0FB /* SystemConfiguration.framework in Frameworks */,
				7A2CEDCDD148487AABCE64B9 /* CoreTelephony.framework in Frameworks */,
			);
			runOnlyForDeploymentPostprocessing = 0;
		};
/* End PBXFrameworksBuildPhase section */

/* Begin PBXGroup section */
		080E96DDFE201D6D7F000001 /* Classes */ = {
			isa = PBXGroup;
			children = (
				302D95EE14D2391D003F00A1 /* MainViewController.h */,
				302D95EF14D2391D003F00A1 /* MainViewController.m */,
				302D95F014D2391D003F00A1 /* MainViewController.xib */,
				1D3623240D0F684500981E51 /* AppDelegate.h */,
				1D3623250D0F684500981E51 /* AppDelegate.m */,
			);
			name = Classes;
			path = "Medicina Hospitalaria/Classes";
			sourceTree = SOURCE_ROOT;
		};
		19C28FACFE9D520D11CA2CBB /* Products */ = {
			isa = PBXGroup;
			children = (
				1D6058910D05DD3D006BFB54 /* Medicina Hospitalaria.app */,
			);
			name = Products;
			sourceTree = "<group>";
		};
		29B97314FDCFA39411CA2CEA /* CustomTemplate */ = {
			isa = PBXGroup;
			children = (
				EB87FDF41871DAF40020F90C /* config.xml */,
				EB87FDF31871DA8E0020F90C /* www */,
				EB87FDF11871DA420020F90C /* Staging */,
				301BF52D109A57CC0062928A /* CordovaLib/CordovaLib.xcodeproj */,
				080E96DDFE201D6D7F000001 /* Classes */,
				307C750510C5A3420062BCA9 /* Plugins */,
				29B97315FDCFA39411CA2CEA /* Other Sources */,
				29B97317FDCFA39411CA2CEA /* Resources */,
				29B97323FDCFA39411CA2CEA /* Frameworks */,
				19C28FACFE9D520D11CA2CBB /* Products */,
			);
			name = CustomTemplate;
			sourceTree = "<group>";
		};
		29B97315FDCFA39411CA2CEA /* Other Sources */ = {
			isa = PBXGroup;
			children = (
				32CA4F630368D1EE00C91783 /* Medicina Hospitalaria-Prefix.pch */,
				29B97316FDCFA39411CA2CEA /* main.m */,
				ED33DF2A687741AEAF9F8254 /* Bridging-Header.h */,
			);
			name = "Other Sources";
			path = "Medicina Hospitalaria";
			sourceTree = "<group>";
		};
		29B97317FDCFA39411CA2CEA /* Resources */ = {
			isa = PBXGroup;
			children = (
				0207DA571B56EA530066E2B4 /* Images.xcassets */,
				3047A50E1AB8057F00498E2A /* config */,
				8D1107310486CEB800E47090 /* Medicina Hospitalaria-Info.plist */,
				6AFF5BF81D6E424B00AB3073 /* CDVLaunchScreen.storyboard */,
				9F3BB4B0573C4A73A49E0138 /* CDVNotification.bundle */,
				F9603169827A4F9F8312F586 /* CDVCapture.bundle */,
			);
			name = Resources;
			path = "Medicina Hospitalaria/Resources";
			sourceTree = "<group>";
		};
		29B97323FDCFA39411CA2CEA /* Frameworks */ = {
			isa = PBXGroup;
			children = (
				0301D125009E4A168C1D0CF5 /* ImageIO.framework */,
				14301DAB7D5A4B1597C23871 /* CoreLocation.framework */,
				D5ECE3203093461CBD200BC1 /* AVFoundation.framework */,
				0DCB61B65CE1456FB600EDF3 /* AddressBook.framework */,
				3A76CC665B3A46E68E25E55D /* AddressBookUI.framework */,
				06ECE2697DD346FA8BC14597 /* CoreMotion.framework */,
				4A39FB3CC9A64F4A8472AE2A /* AudioToolbox.framework */,
				DBE78D62D411417AAE498A07 /* SystemConfiguration.framework */,
				D020199745E04B7EACAC7DBE /* CoreTelephony.framework */,
			);
			name = Frameworks;
			sourceTree = "<group>";
		};
		301BF52E109A57CC0062928A /* Products */ = {
			isa = PBXGroup;
			children = (
				301BF535109A57CC0062928A /* libCordova.a */,
				B3ECF7E51F40E972005EC599 /* Cordova.framework */,
			);
			name = Products;
			sourceTree = "<group>";
		};
		3047A50E1AB8057F00498E2A /* config */ = {
			isa = PBXGroup;
			children = (
				3047A50F1AB8059700498E2A /* build-debug.xcconfig */,
				3047A5101AB8059700498E2A /* build-release.xcconfig */,
				3047A5111AB8059700498E2A /* build.xcconfig */,
			);
			name = config;
			sourceTree = "<group>";
		};
		307C750510C5A3420062BCA9 /* Plugins */ = {
			isa = PBXGroup;
			children = (
				618A3E3EB47049A8891BA94C /* CDVBattery.m */,
				BDAC57B5BC244C2B8FBD71AD /* CDVBattery.h */,
				B41A7264AE9A4A55897C64D3 /* UIImage+CropScaleOrientation.m */,
				FFAFDB2C7E594C26A0D20224 /* CDVCamera.m */,
				D79A8D21506740819E5E6ED5 /* CDVJpegHeaderWriter.m */,
				2CF9560F6D524A60A7E79EEB /* UIImage+CropScaleOrientation.h */,
				F83549FC47D84AAE81A91813 /* CDVCamera.h */,
				2BEE32ED47EC4F4CB86C50E7 /* CDVJpegHeaderWriter.h */,
				DDA915EAFEFF4C0D96B827D9 /* CDVExif.h */,
				2361604B399C4196B9FC4829 /* CDVLogger.m */,
				927B3343956342759EE5429D /* CDVLogger.h */,
				FAE63B4EF92748F497B8E08B /* CDVContacts.m */,
				15ED7D9AC3744D48A4D204BF /* CDVContact.m */,
				39F36EDAB1F34C7E9025C706 /* CDVContacts.h */,
				440765BB5781412ABA5BD70E /* CDVContact.h */,
				2BCE857B4FB242ADB7D7A1BB /* CDVDevice.m */,
				86CF32B3690A41EAB4C5A1A5 /* CDVDevice.h */,
				6106280E96614225BF95445E /* CDVAccelerometer.m */,
				78EF69DD1B0C4EC38873FC50 /* CDVAccelerometer.h */,
				38B298B209194C3AA139E65C /* CDVCompass.m */,
				5AC06F9CD4AD4E2B995B1E06 /* CDVCompass.h */,
				FF5221321EA4473A938C4AFE /* CDVNotification.m */,
				7D9B9B604B644DF89973A1C1 /* CDVNotification.h */,
				2604C23A7DA040DC813DF49B /* CDVFile.m */,
				1818874C8D1B4B34862FF224 /* CDVLocalFilesystem.m */,
				278FA4CFAF26469AAD780E4D /* CDVAssetLibraryFilesystem.m */,
				2EC4E56A56214972B34D2C90 /* CDVFile.h */,
				AFBFDAF9DB474B67AE096BBC /* CDVLocalFilesystem.h */,
				BA16FE404D4042BEAF8ED16C /* CDVAssetLibraryFilesystem.h */,
				7E2819BD7EBF4D219C9A5A36 /* CDVFileTransfer.m */,
				566D3FEA25074BEFB2544CA5 /* CDVFileTransfer.h */,
				56E5B19FC15A411CB1EC99DE /* CDVLocation.m */,
				97FB0A832236469C9DD68582 /* CDVLocation.h */,
				EEAFF30F195642D49D639874 /* CDVGlobalization.m */,
				33A2EDA874BE472C91642860 /* CDVGlobalization.h */,
				9AF5BB7C387C430F8531038F /* CDVInAppBrowser.m */,
				CF9E2FE554104A299CEB3847 /* CDVInAppBrowser.h */,
				69A6B6B8B711460698ACC3E6 /* CDVSound.m */,
				4F95AE94187746D2965AF2C0 /* CDVSound.h */,
				834703D7B22E4A42B0A6F9F5 /* CDVCapture.m */,
				4C536508D2CD45869F98B66C /* CDVCapture.h */,
				3F756A6DC01E49CF8B3251F8 /* CDVConnection.m */,
				B8387171CEE64445BB31B0A2 /* CDVReachability.m */,
				9941B1DE64564713874B3AAA /* CDVConnection.h */,
				F371B6DDBBE141F390238980 /* CDVReachability.h */,
				2656DDAC6EFD4CE3B18BBC19 /* CDVSplashScreen.m */,
				667FC4868DA04C06BE86F70B /* CDVViewController+SplashScreen.m */,
				A864E241650A4C6880B5E825 /* CDVSplashScreen.h */,
				72AF759851654C0CB5356708 /* CDVViewController+SplashScreen.h */,
				0028AA02F0DA4DAD93349A6A /* CDVStatusBar.m */,
				F5750EEFD1884261907B69D9 /* CDVStatusBar.h */,
				0A3952632E474A04BF928161 /* CDVVibration.m */,
				892357A72E264BC68B967B99 /* CDVVibration.h */,
			);
			name = Plugins;
			path = "Medicina Hospitalaria/Plugins";
			sourceTree = SOURCE_ROOT;
		};
		EB87FDF11871DA420020F90C /* Staging */ = {
			isa = PBXGroup;
			children = (
				F840E1F0165FE0F500CFE078 /* config.xml */,
				301BF56E109A69640062928A /* www */,
			);
			name = Staging;
			sourceTree = "<group>";
		};
/* End PBXGroup section */

/* Begin PBXNativeTarget section */
		1D6058900D05DD3D006BFB54 /* Medicina Hospitalaria */ = {
			isa = PBXNativeTarget;
			buildConfigurationList = 1D6058960D05DD3E006BFB54 /* Build configuration list for PBXNativeTarget "Medicina Hospitalaria" */;
			buildPhases = (
				304B58A110DAC018002A0835 /* Copy www directory */,
				1D60588D0D05DD3D006BFB54 /* Resources */,
				1D60588E0D05DD3D006BFB54 /* Sources */,
				1D60588F0D05DD3D006BFB54 /* Frameworks */,
			);
			buildRules = (
			);
			dependencies = (
				301BF551109A68C00062928A /* PBXTargetDependency */,
			);
			name = "Medicina Hospitalaria";
			productName = "Medicina Hospitalaria";
			productReference = 1D6058910D05DD3D006BFB54 /* Medicina Hospitalaria.app */;
			productType = "com.apple.product-type.application";
		};
/* End PBXNativeTarget section */

/* Begin PBXProject section */
		29B97313FDCFA39411CA2CEA /* Project object */ = {
			isa = PBXProject;
			attributes = {
				LastUpgradeCheck = 510;
				TargetAttributes = {
					1D6058900D05DD3D006BFB54 = {
						DevelopmentTeam = 3EB5C2YZ53;
						ProvisioningStyle = Automatic;
					};
				};
			};
			buildConfigurationList = C01FCF4E08A954540054247B /* Build configuration list for PBXProject "Medicina Hospitalaria" */;
			compatibilityVersion = "Xcode 3.2";
			developmentRegion = English;
			hasScannedForEncodings = 1;
			knownRegions = (
				en,
			);
			mainGroup = 29B97314FDCFA39411CA2CEA /* CustomTemplate */;
			projectDirPath = "";
			projectReferences = (
				{
					ProductGroup = 301BF52E109A57CC0062928A /* Products */;
					ProjectRef = 301BF52D109A57CC0062928A /* CordovaLib/CordovaLib.xcodeproj */;
				},
			);
			projectRoot = "";
			targets = (
				1D6058900D05DD3D006BFB54 /* Medicina Hospitalaria */,
			);
		};
/* End PBXProject section */

/* Begin PBXReferenceProxy section */
		301BF535109A57CC0062928A /* libCordova.a */ = {
			isa = PBXReferenceProxy;
			fileType = archive.ar;
			path = libCordova.a;
			remoteRef = 301BF534109A57CC0062928A /* PBXContainerItemProxy */;
			sourceTree = BUILT_PRODUCTS_DIR;
		};
		B3ECF7E51F40E972005EC599 /* Cordova.framework */ = {
			isa = PBXReferenceProxy;
			fileType = wrapper.framework;
			path = Cordova.framework;
			remoteRef = B3ECF7E41F40E972005EC599 /* PBXContainerItemProxy */;
			sourceTree = BUILT_PRODUCTS_DIR;
		};
/* End PBXReferenceProxy section */

/* Begin PBXResourcesBuildPhase section */
		1D60588D0D05DD3D006BFB54 /* Resources */ = {
			isa = PBXResourcesBuildPhase;
			buildActionMask = 2147483647;
			files = (
				302D95F214D2391D003F00A1 /* MainViewController.xib in Resources */,
				0207DA581B56EA530066E2B4 /* Images.xcassets in Resources */,
				6AFF5BF91D6E424B00AB3073 /* CDVLaunchScreen.storyboard in Resources */,
				65DCE2D6B2DC46C79D4DF78B /* CDVNotification.bundle in Resources */,
				AE38C461C12E415B9764CAA3 /* CDVCapture.bundle in Resources */,
			);
			runOnlyForDeploymentPostprocessing = 0;
		};
/* End PBXResourcesBuildPhase section */

/* Begin PBXShellScriptBuildPhase section */
		304B58A110DAC018002A0835 /* Copy www directory */ = {
			isa = PBXShellScriptBuildPhase;
			buildActionMask = 2147483647;
			files = (
			);
			inputPaths = (
			);
			name = "Copy www directory";
			outputPaths = (
			);
			runOnlyForDeploymentPostprocessing = 0;
			shellPath = /bin/sh;
			shellScript = "NODEJS_PATH=/usr/local/bin; NVM_NODE_PATH=~/.nvm/versions/node/`nvm version 2>/dev/null`/bin; N_NODE_PATH=`find /usr/local/n/versions/node/* -maxdepth 0 -type d 2>/dev/null | tail -1`/bin; XCODE_NODE_PATH=`xcode-select --print-path`/usr/share/xcs/Node/bin; PATH=$NODEJS_PATH:$NVM_NODE_PATH:$N_NODE_PATH:$XCODE_NODE_PATH:$PATH && node cordova/lib/copy-www-build-step.js";
			showEnvVarsInLog = 0;
		};
/* End PBXShellScriptBuildPhase section */

/* Begin PBXSourcesBuildPhase section */
		1D60588E0D05DD3D006BFB54 /* Sources */ = {
			isa = PBXSourcesBuildPhase;
			buildActionMask = 2147483647;
			files = (
				1D60589B0D05DD56006BFB54 /* main.m in Sources */,
				1D3623260D0F684500981E51 /* AppDelegate.m in Sources */,
				302D95F114D2391D003F00A1 /* MainViewController.m in Sources */,
				87CB92610793482B8D8C603D /* CDVBattery.m in Sources */,
				309AAAF756C9496887376759 /* UIImage+CropScaleOrientation.m in Sources */,
				A1FD8870D8B14D37B15EE402 /* CDVCamera.m in Sources */,
				9489D2F3DC164D5F9ED7CB7E /* CDVJpegHeaderWriter.m in Sources */,
				60FFAC88B43044A3829A8432 /* CDVLogger.m in Sources */,
				DA41F5610D274C299FE29FBA /* CDVContacts.m in Sources */,
				3BE57A1612484500821D7422 /* CDVContact.m in Sources */,
				CBD2C62857C9448F9E357C23 /* CDVDevice.m in Sources */,
				B0DE8CB22516451FBCF33F92 /* CDVAccelerometer.m in Sources */,
				91B1045477814DDC92468DD4 /* CDVCompass.m in Sources */,
				B590669E0ED64812AAA06AF5 /* CDVNotification.m in Sources */,
				5DCDD64717244D8EB3F8B0CC /* CDVFile.m in Sources */,
				F8FDBB7E89684918B186581D /* CDVLocalFilesystem.m in Sources */,
				E0BA9B0AC3B440C4A68D7D9F /* CDVAssetLibraryFilesystem.m in Sources */,
				70C091767C384B0B83709002 /* CDVFileTransfer.m in Sources */,
				9832EE7CB3254A7692EA77BE /* CDVLocation.m in Sources */,
				C207FF516768407A80B8703B /* CDVGlobalization.m in Sources */,
				12FBECB102F744DCA1C2045A /* CDVInAppBrowser.m in Sources */,
				DF4C93D56A49464D8D69ED09 /* CDVSound.m in Sources */,
				691A9790485944A9A5333AD0 /* CDVCapture.m in Sources */,
				9353DA086CCF4A5899A1E50C /* CDVConnection.m in Sources */,
				B79C2F98333D4670926EB592 /* CDVReachability.m in Sources */,
				A5F40F4E6CA14AB0BB14D98A /* CDVSplashScreen.m in Sources */,
				249DAA6B28804197B0D3F14A /* CDVViewController+SplashScreen.m in Sources */,
				D3D23D0DB1DE41E4AEF8945C /* CDVStatusBar.m in Sources */,
				C388D34A34F74E609DB2DBA9 /* CDVVibration.m in Sources */,
			);
			runOnlyForDeploymentPostprocessing = 0;
		};
/* End PBXSourcesBuildPhase section */

/* Begin PBXTargetDependency section */
		301BF551109A68C00062928A /* PBXTargetDependency */ = {
			isa = PBXTargetDependency;
			name = CordovaLib;
			targetProxy = 301BF550109A68C00062928A /* PBXContainerItemProxy */;
		};
/* End PBXTargetDependency section */

/* Begin XCBuildConfiguration section */
		1D6058940D05DD3E006BFB54 /* Debug */ = {
			isa = XCBuildConfiguration;
			baseConfigurationReference = 3047A50F1AB8059700498E2A /* build-debug.xcconfig */;
			buildSettings = {
				ALWAYS_SEARCH_USER_PATHS = NO;
				ASSETCATALOG_COMPILER_APPICON_NAME = AppIcon;
				ASSETCATALOG_COMPILER_LAUNCHIMAGE_NAME = LaunchImage;
				CLANG_ENABLE_MODULES = YES;
				CLANG_ENABLE_OBJC_ARC = YES;
				"CODE_SIGN_IDENTITY[sdk=iphoneos*]" = "iPhone Developer";
				CODE_SIGN_STYLE = Automatic;
				COPY_PHASE_STRIP = NO;
				DEVELOPMENT_TEAM = 3EB5C2YZ53;
				GCC_DYNAMIC_NO_PIC = NO;
				GCC_OPTIMIZATION_LEVEL = 0;
				GCC_PRECOMPILE_PREFIX_HEADER = YES;
				GCC_PREFIX_HEADER = "Medicina Hospitalaria/Medicina Hospitalaria-Prefix.pch";
				GCC_THUMB_SUPPORT = NO;
				GCC_VERSION = "";
				INFOPLIST_FILE = "Medicina Hospitalaria/Medicina Hospitalaria-Info.plist";
				IPHONEOS_DEPLOYMENT_TARGET = 9.0;
				LD_RUNPATH_SEARCH_PATHS = "@executable_path/Frameworks";
				PRODUCT_NAME = "Medicina Hospitalaria";
				PROVISIONING_PROFILE_SPECIFIER = "";
				TARGETED_DEVICE_FAMILY = "1,2";
			};
			name = Debug;
		};
		1D6058950D05DD3E006BFB54 /* Release */ = {
			isa = XCBuildConfiguration;
			baseConfigurationReference = 3047A5101AB8059700498E2A /* build-release.xcconfig */;
			buildSettings = {
				ALWAYS_SEARCH_USER_PATHS = NO;
				ASSETCATALOG_COMPILER_APPICON_NAME = AppIcon;
				ASSETCATALOG_COMPILER_LAUNCHIMAGE_NAME = LaunchImage;
				CLANG_ENABLE_MODULES = YES;
				CLANG_ENABLE_OBJC_ARC = YES;
				"CODE_SIGN_IDENTITY[sdk=iphoneos*]" = "iPhone Developer";
				CODE_SIGN_STYLE = Automatic;
				COPY_PHASE_STRIP = YES;
				DEVELOPMENT_TEAM = 3EB5C2YZ53;
				GCC_PRECOMPILE_PREFIX_HEADER = YES;
				GCC_PREFIX_HEADER = "Medicina Hospitalaria/Medicina Hospitalaria-Prefix.pch";
				GCC_THUMB_SUPPORT = NO;
				GCC_VERSION = "";
				INFOPLIST_FILE = "Medicina Hospitalaria/Medicina Hospitalaria-Info.plist";
				IPHONEOS_DEPLOYMENT_TARGET = 9.0;
				LD_RUNPATH_SEARCH_PATHS = "@executable_path/Frameworks";
				PRODUCT_NAME = "Medicina Hospitalaria";
				PROVISIONING_PROFILE_SPECIFIER = "";
				TARGETED_DEVICE_FAMILY = "1,2";
			};
			name = Release;
		};
		C01FCF4F08A954540054247B /* Debug */ = {
			isa = XCBuildConfiguration;
			baseConfigurationReference = 3047A5111AB8059700498E2A /* build.xcconfig */;
			buildSettings = {
				CLANG_ENABLE_MODULES = YES;
				CLANG_ENABLE_OBJC_ARC = YES;
				CLANG_WARN_BOOL_CONVERSION = YES;
				CLANG_WARN_CONSTANT_CONVERSION = YES;
				CLANG_WARN_EMPTY_BODY = YES;
				CLANG_WARN_ENUM_CONVERSION = YES;
				CLANG_WARN_INT_CONVERSION = YES;
				CLANG_WARN__DUPLICATE_METHOD_MATCH = YES;
				GCC_C_LANGUAGE_STANDARD = c99;
				GCC_THUMB_SUPPORT = NO;
				GCC_VERSION = "";
				GCC_WARN_ABOUT_RETURN_TYPE = YES;
				GCC_WARN_UNDECLARED_SELECTOR = YES;
				GCC_WARN_UNINITIALIZED_AUTOS = YES;
				GCC_WARN_UNUSED_FUNCTION = YES;
				GCC_WARN_UNUSED_VARIABLE = YES;
				ONLY_ACTIVE_ARCH = YES;
				SDKROOT = iphoneos;
				SKIP_INSTALL = NO;
			};
			name = Debug;
		};
		C01FCF5008A954540054247B /* Release */ = {
			isa = XCBuildConfiguration;
			baseConfigurationReference = 3047A5111AB8059700498E2A /* build.xcconfig */;
			buildSettings = {
				CLANG_ENABLE_MODULES = YES;
				CLANG_ENABLE_OBJC_ARC = YES;
				CLANG_WARN_BOOL_CONVERSION = YES;
				CLANG_WARN_CONSTANT_CONVERSION = YES;
				CLANG_WARN_EMPTY_BODY = YES;
				CLANG_WARN_ENUM_CONVERSION = YES;
				CLANG_WARN_INT_CONVERSION = YES;
				CLANG_WARN__DUPLICATE_METHOD_MATCH = YES;
				GCC_C_LANGUAGE_STANDARD = c99;
				GCC_THUMB_SUPPORT = NO;
				GCC_VERSION = "";
				GCC_WARN_ABOUT_RETURN_TYPE = YES;
				GCC_WARN_UNDECLARED_SELECTOR = YES;
				GCC_WARN_UNINITIALIZED_AUTOS = YES;
				GCC_WARN_UNUSED_FUNCTION = YES;
				GCC_WARN_UNUSED_VARIABLE = YES;
				SDKROOT = iphoneos;
				SKIP_INSTALL = NO;
			};
			name = Release;
		};
/* End XCBuildConfiguration section */

/* Begin XCConfigurationList section */
		1D6058960D05DD3E006BFB54 /* Build configuration list for PBXNativeTarget "Medicina Hospitalaria" */ = {
			isa = XCConfigurationList;
			buildConfigurations = (
				1D6058940D05DD3E006BFB54 /* Debug */,
				1D6058950D05DD3E006BFB54 /* Release */,
			);
			defaultConfigurationIsVisible = 0;
			defaultConfigurationName = Release;
		};
		C01FCF4E08A954540054247B /* Build configuration list for PBXProject "Medicina Hospitalaria" */ = {
			isa = XCConfigurationList;
			buildConfigurations = (
				C01FCF4F08A954540054247B /* Debug */,
				C01FCF5008A954540054247B /* Release */,
			);
			defaultConfigurationIsVisible = 0;
			defaultConfigurationName = Release;
		};
/* End XCConfigurationList section */
	};
	rootObject = 29B97313FDCFA39411CA2CEA /* Project object */;
}
