// !$*UTF8*$!
{
	archiveVersion = 1;
	classes = {
	};
	objectVersion = 46;
	objects = {
/* Begin PBXBuildFile section */
		0207DA581B56EA530066E2B4 /* Images.xcassets in Resources */ = {isa = PBXBuildFile; fileRef = 0207DA571B56EA530066E2B4 /* Images.xcassets */; };
		1D3623260D0F684500981E51 /* AppDelegate.m in Sources */ = {isa = PBXBuildFile; fileRef = 1D3623250D0F684500981E51 /* AppDelegate.m */; };
		1D60589B0D05DD56006BFB54 /* main.m in Sources */ = {isa = PBXBuildFile; fileRef = 29B97316FDCFA39411CA2CEA /* main.m */; };
		301BF552109A68D80062928A /* libCordova.a in Frameworks */ = {isa = PBXBuildFile; fileRef = 301BF535109A57CC0062928A /* libCordova.a */; };
		302D95F114D2391D003F00A1 /* MainViewController.m in Sources */ = {isa = PBXBuildFile; fileRef = 302D95EF14D2391D003F00A1 /* MainViewController.m */; };
		302D95F214D2391D003F00A1 /* MainViewController.xib in Resources */ = {isa = PBXBuildFile; fileRef = 302D95F014D2391D003F00A1 /* MainViewController.xib */; };
		3047A5121AB8059700498E2A /* build-debug.xcconfig in Resources */ = {isa = PBXBuildFile; fileRef = 3047A50F1AB8059700498E2A /* build-debug.xcconfig */; };
		3047A5131AB8059700498E2A /* build-release.xcconfig in Resources */ = {isa = PBXBuildFile; fileRef = 3047A5101AB8059700498E2A /* build-release.xcconfig */; };
		3047A5141AB8059700498E2A /* build.xcconfig in Resources */ = {isa = PBXBuildFile; fileRef = 3047A5111AB8059700498E2A /* build.xcconfig */; };
		6AFF5BF91D6E424B00AB3073 /* CDVLaunchScreen.storyboard in Resources */ = {isa = PBXBuildFile; fileRef = 6AFF5BF81D6E424B00AB3073 /* CDVLaunchScreen.storyboard */; };
		9EE42794760D4FFE8E7C8C46 /* CDVBattery.m in Sources */ = {isa = PBXBuildFile; fileRef = 6BD0529A578E48AE9A59D6DE /* CDVBattery.m */; };
		007D3688FFFB410EB74CA75D /* UIImage+CropScaleOrientation.m in Sources */ = {isa = PBXBuildFile; fileRef = A93960875A2245C3997C8F0D /* UIImage+CropScaleOrientation.m */; };
		F3B2832DAF8B4B019552776C /* CDVCamera.m in Sources */ = {isa = PBXBuildFile; fileRef = 6E5CD7EDC5B9401CB13118E3 /* CDVCamera.m */; };
		AF472F206EC2445CB841B9F3 /* CDVJpegHeaderWriter.m in Sources */ = {isa = PBXBuildFile; fileRef = 22297C567A914752BD05F8EB /* CDVJpegHeaderWriter.m */; };
		DF1B3B558C594938B8D22D3F /* ImageIO.framework in Frameworks */ = {isa = PBXBuildFile; fileRef = C7B94DE361354B8885EAB486 /* ImageIO.framework */; settings = {ATTRIBUTES = (Weak, ); }; };
		CF5193D200A04A67A4700446 /* CoreLocation.framework in Frameworks */ = {isa = PBXBuildFile; fileRef = 8236C79713DD45C3BF3CC0C4 /* CoreLocation.framework */; };
		D3DB5DAFD98F47299A669172 /* AVFoundation.framework in Frameworks */ = {isa = PBXBuildFile; fileRef = D1DFDA081381475D98A66A1F /* AVFoundation.framework */; };
		2F5FA320460644EDA11A1434 /* CDVLogger.m in Sources */ = {isa = PBXBuildFile; fileRef = C4B484E51A494CCC9332C115 /* CDVLogger.m */; };
		6BD3C44A96D84C00844C2759 /* CDVContacts.m in Sources */ = {isa = PBXBuildFile; fileRef = 01904DC748784F1F92C24E26 /* CDVContacts.m */; };
		F8EC162397EB424DA2859C27 /* CDVContact.m in Sources */ = {isa = PBXBuildFile; fileRef = 15EB5FCAD360435EBF8F01C9 /* CDVContact.m */; };
		E4F5C21B70EC48B6A6622E61 /* AddressBook.framework in Frameworks */ = {isa = PBXBuildFile; fileRef = 2EB5D050631148D6BED928B2 /* AddressBook.framework */; settings = {ATTRIBUTES = (Weak, ); }; };
		02215FF91F3E44B7AEFAFF15 /* AddressBookUI.framework in Frameworks */ = {isa = PBXBuildFile; fileRef = 65FD36B2F2F04DAFA3C8E90D /* AddressBookUI.framework */; settings = {ATTRIBUTES = (Weak, ); }; };
		B419833E00E84B48B7BE51AA /* CDVDevice.m in Sources */ = {isa = PBXBuildFile; fileRef = F2C35C3805FF40978C79F824 /* CDVDevice.m */; };
		9EBAD8C2CF8E4896BBA2E5E4 /* CDVAccelerometer.m in Sources */ = {isa = PBXBuildFile; fileRef = FBA2E42DD76F43198DD30FCE /* CDVAccelerometer.m */; };
		0BB1961242E946118513BE81 /* CoreMotion.framework in Frameworks */ = {isa = PBXBuildFile; fileRef = C7E5CFE0A22A4E36B1B0F475 /* CoreMotion.framework */; };
		ED5CAEFB2DB0454B9A6F9A94 /* CDVCompass.m in Sources */ = {isa = PBXBuildFile; fileRef = A716E50BCFF94DFB943AC28A /* CDVCompass.m */; };
		034BA2B2E552427587E6EF58 /* CDVNotification.m in Sources */ = {isa = PBXBuildFile; fileRef = 7DAA1ABA44324CFAB8442A41 /* CDVNotification.m */; };
		6546DE21CEFE485FBB5DB74B /* CDVNotification.bundle in Resources */ = {isa = PBXBuildFile; fileRef = C4A96F675CAF4744BBB45312 /* CDVNotification.bundle */; };
		6838654C840F424BB588A4ED /* AudioToolbox.framework in Frameworks */ = {isa = PBXBuildFile; fileRef = E0074F64AC444A269D9F4718 /* AudioToolbox.framework */; settings = {ATTRIBUTES = (Weak, ); }; };
		B793A6ED673944CDBCE9DADE /* CDVFile.m in Sources */ = {isa = PBXBuildFile; fileRef = 4711618E26B942F99A552779 /* CDVFile.m */; };
		A018F0080B214E9E810065DB /* CDVLocalFilesystem.m in Sources */ = {isa = PBXBuildFile; fileRef = C8C56BCBD06D45C5A3F5F266 /* CDVLocalFilesystem.m */; };
		E3518369B3994575A9247C8B /* CDVAssetLibraryFilesystem.m in Sources */ = {isa = PBXBuildFile; fileRef = 532061430D9240E8B2B4AF4B /* CDVAssetLibraryFilesystem.m */; };
		92D3F8EA9C7A4DEBAC23D4C6 /* CDVFileTransfer.m in Sources */ = {isa = PBXBuildFile; fileRef = 4755121933F04966BFEB1639 /* CDVFileTransfer.m */; };
		65D83E73B88340BDB77F5455 /* CDVLocation.m in Sources */ = {isa = PBXBuildFile; fileRef = 7E3A7AC106454CD1A4BFEB89 /* CDVLocation.m */; };
		CCFB0FE420334785825D5DBD /* CDVGlobalization.m in Sources */ = {isa = PBXBuildFile; fileRef = 7904A8E9DFD342ACB02D5D4D /* CDVGlobalization.m */; };
		6F9040B417DF4D59A514B327 /* CDVInAppBrowser.m in Sources */ = {isa = PBXBuildFile; fileRef = C9A84FD8A8504226A882AB88 /* CDVInAppBrowser.m */; };
		E6437B5E00474BA09BBD29EA /* CDVSound.m in Sources */ = {isa = PBXBuildFile; fileRef = E9333DCD1DD04BB28C3438BE /* CDVSound.m */; };
		155835A0FFA040EF9494CC89 /* CDVCapture.m in Sources */ = {isa = PBXBuildFile; fileRef = 37F71C01DCF74DECAF59FD58 /* CDVCapture.m */; };
		7DFDBCE8D0BB4F2B8BE6B2CC /* CDVCapture.bundle in Resources */ = {isa = PBXBuildFile; fileRef = 19C082C60BA8481F8688EBAD /* CDVCapture.bundle */; };
		D13FC4676C7543F1A18B8172 /* CDVConnection.m in Sources */ = {isa = PBXBuildFile; fileRef = C8521E48A1454447A5CFF61E /* CDVConnection.m */; };
		420D6D676D074820BDAD96F3 /* CDVReachability.m in Sources */ = {isa = PBXBuildFile; fileRef = 1F0E562339C3439BBDD019CB /* CDVReachability.m */; };
		272732168B7B4D49B83E46FD /* SystemConfiguration.framework in Frameworks */ = {isa = PBXBuildFile; fileRef = A525B456B82449EBB5EE5587 /* SystemConfiguration.framework */; settings = {ATTRIBUTES = (Weak, ); }; };
		EE3CC41B48704ACB88F3D57B /* CoreTelephony.framework in Frameworks */ = {isa = PBXBuildFile; fileRef = 3BF8569002984512935C1F4E /* CoreTelephony.framework */; };
		AC917A04F5684FFA80D7702F /* CDVSplashScreen.m in Sources */ = {isa = PBXBuildFile; fileRef = 7F564E716533480B87D88E4C /* CDVSplashScreen.m */; };
		E348B98EFBAB47BA97CD3F01 /* CDVViewController+SplashScreen.m in Sources */ = {isa = PBXBuildFile; fileRef = F24B9107066040ADA8A5BDC8 /* CDVViewController+SplashScreen.m */; };
		CA100F0D80824A99AA7EBE74 /* CDVStatusBar.m in Sources */ = {isa = PBXBuildFile; fileRef = 1359D0394F8E4047AE6293CE /* CDVStatusBar.m */; };
		E1D1636D70BA4C0789F3DCF3 /* CDVVibration.m in Sources */ = {isa = PBXBuildFile; fileRef = D11F08B4B8084A4CA76DB332 /* CDVVibration.m */; };
/* End PBXBuildFile section */

/* Begin PBXContainerItemProxy section */
		301BF534109A57CC0062928A /* PBXContainerItemProxy */ = {
			isa = PBXContainerItemProxy;
			containerPortal = 301BF52D109A57CC0062928A /* CordovaLib.xcodeproj */;
			proxyType = 2;
			remoteGlobalIDString = D2AAC07E0554694100DB518D;
			remoteInfo = CordovaLib;
		};
		301BF550109A68C00062928A /* PBXContainerItemProxy */ = {
			isa = PBXContainerItemProxy;
			containerPortal = 301BF52D109A57CC0062928A /* CordovaLib.xcodeproj */;
			proxyType = 1;
			remoteGlobalIDString = D2AAC07D0554694100DB518D;
			remoteInfo = CordovaLib;
		};
/* End PBXContainerItemProxy section */

/* Begin PBXFileReference section */
		0207DA571B56EA530066E2B4 /* Images.xcassets */ = {isa = PBXFileReference; lastKnownFileType = folder.assetcatalog; name = Images.xcassets; path = "Medicina Hospitalaria/Images.xcassets"; sourceTree = SOURCE_ROOT; };
		1D3623240D0F684500981E51 /* AppDelegate.h */ = {isa = PBXFileReference; fileEncoding = 4; lastKnownFileType = sourcecode.c.h; path = AppDelegate.h; sourceTree = "<group>"; };
		1D3623250D0F684500981E51 /* AppDelegate.m */ = {isa = PBXFileReference; fileEncoding = 4; lastKnownFileType = sourcecode.c.objc; path = AppDelegate.m; sourceTree = "<group>"; };
		1D6058910D05DD3D006BFB54 /* Medicina Hospitalaria.app */ = {isa = PBXFileReference; explicitFileType = wrapper.application; includeInIndex = 0; path = "Medicina Hospitalaria.app"; sourceTree = BUILT_PRODUCTS_DIR; };
		29B97316FDCFA39411CA2CEA /* main.m */ = {isa = PBXFileReference; fileEncoding = 4; lastKnownFileType = sourcecode.c.objc; path = main.m; sourceTree = "<group>"; };
		301BF52D109A57CC0062928A /* CordovaLib.xcodeproj */ = {isa = PBXFileReference; lastKnownFileType = "wrapper.pb-project"; path = CordovaLib/CordovaLib.xcodeproj; sourceTree = "<group>"; };
		301BF56E109A69640062928A /* www */ = {isa = PBXFileReference; lastKnownFileType = folder; path = www; sourceTree = SOURCE_ROOT; };
		302D95EE14D2391D003F00A1 /* MainViewController.h */ = {isa = PBXFileReference; fileEncoding = 4; lastKnownFileType = sourcecode.c.h; path = MainViewController.h; sourceTree = "<group>"; };
		302D95EF14D2391D003F00A1 /* MainViewController.m */ = {isa = PBXFileReference; fileEncoding = 4; lastKnownFileType = sourcecode.c.objc; path = MainViewController.m; sourceTree = "<group>"; };
		302D95F014D2391D003F00A1 /* MainViewController.xib */ = {isa = PBXFileReference; fileEncoding = 4; lastKnownFileType = file.xib; path = MainViewController.xib; sourceTree = "<group>"; };
		3047A50F1AB8059700498E2A /* build-debug.xcconfig */ = {isa = PBXFileReference; fileEncoding = 4; lastKnownFileType = text.xcconfig; name = "build-debug.xcconfig"; path = cordova/build-debug.xcconfig; sourceTree = SOURCE_ROOT; };
		3047A5101AB8059700498E2A /* build-release.xcconfig */ = {isa = PBXFileReference; fileEncoding = 4; lastKnownFileType = text.xcconfig; name = "build-release.xcconfig"; path = cordova/build-release.xcconfig; sourceTree = SOURCE_ROOT; };
		3047A5111AB8059700498E2A /* build.xcconfig */ = {isa = PBXFileReference; fileEncoding = 4; lastKnownFileType = text.xcconfig; name = build.xcconfig; path = cordova/build.xcconfig; sourceTree = SOURCE_ROOT; };
		32CA4F630368D1EE00C91783 /* Medicina Hospitalaria-Prefix.pch */ = {isa = PBXFileReference; fileEncoding = 4; lastKnownFileType = sourcecode.c.h; path = "Medicina Hospitalaria-Prefix.pch"; sourceTree = "<group>"; };
		6AFF5BF81D6E424B00AB3073 /* CDVLaunchScreen.storyboard */ = {isa = PBXFileReference; fileEncoding = 4; lastKnownFileType = file.storyboard; name = CDVLaunchScreen.storyboard; path = "Medicina Hospitalaria/CDVLaunchScreen.storyboard"; sourceTree = SOURCE_ROOT; };
		8D1107310486CEB800E47090 /* Medicina Hospitalaria-Info.plist */ = {isa = PBXFileReference; fileEncoding = 4; lastKnownFileType = text.plist.xml; name = "Medicina Hospitalaria-Info.plist"; path = "Medicina Hospitalaria/Medicina Hospitalaria-Info.plist"; plistStructureDefinitionIdentifier = "com.apple.xcode.plist.structure-definition.iphone.info-plist"; sourceTree = SOURCE_ROOT; };
		EB87FDF31871DA8E0020F90C /* www */ = {isa = PBXFileReference; lastKnownFileType = folder; name = www; path = ../../www; sourceTree = "<group>"; };
		EB87FDF41871DAF40020F90C /* config.xml */ = {isa = PBXFileReference; lastKnownFileType = text.xml; name = config.xml; path = ../../config.xml; sourceTree = "<group>"; };
		F840E1F0165FE0F500CFE078 /* config.xml */ = {isa = PBXFileReference; lastKnownFileType = text.xml; name = config.xml; path = "Medicina Hospitalaria/config.xml"; sourceTree = "<group>"; };
		ED33DF2A687741AEAF9F8254 /* Bridging-Header.h */ = {isa = PBXFileReference; fileEncoding = 4; lastKnownFileType = sourcecode.c.h; name = "Bridging-Header.h"; path = "Bridging-Header.h"; sourceTree = "<group>"; };
		6BD0529A578E48AE9A59D6DE /* CDVBattery.m */ = {isa = PBXFileReference; name = "CDVBattery.m"; path = "cordova-plugin-battery-status/CDVBattery.m"; sourceTree = "<group>"; fileEncoding = 4; lastKnownFileType = sourcecode.c.objc; explicitFileType = undefined; includeInIndex = 0; };
		623FBA9C303B4DD5B8902AA8 /* CDVBattery.h */ = {isa = PBXFileReference; name = "CDVBattery.h"; path = "cordova-plugin-battery-status/CDVBattery.h"; sourceTree = "<group>"; fileEncoding = 4; lastKnownFileType = sourcecode.c.h; explicitFileType = undefined; includeInIndex = 0; };
		A93960875A2245C3997C8F0D /* UIImage+CropScaleOrientation.m */ = {isa = PBXFileReference; name = "UIImage+CropScaleOrientation.m"; path = "cordova-plugin-camera/UIImage+CropScaleOrientation.m"; sourceTree = "<group>"; fileEncoding = 4; lastKnownFileType = sourcecode.c.objc; explicitFileType = undefined; includeInIndex = 0; };
		6E5CD7EDC5B9401CB13118E3 /* CDVCamera.m */ = {isa = PBXFileReference; name = "CDVCamera.m"; path = "cordova-plugin-camera/CDVCamera.m"; sourceTree = "<group>"; fileEncoding = 4; lastKnownFileType = sourcecode.c.objc; explicitFileType = undefined; includeInIndex = 0; };
		22297C567A914752BD05F8EB /* CDVJpegHeaderWriter.m */ = {isa = PBXFileReference; name = "CDVJpegHeaderWriter.m"; path = "cordova-plugin-camera/CDVJpegHeaderWriter.m"; sourceTree = "<group>"; fileEncoding = 4; lastKnownFileType = sourcecode.c.objc; explicitFileType = undefined; includeInIndex = 0; };
		6B1900649C034759859FAC63 /* UIImage+CropScaleOrientation.h */ = {isa = PBXFileReference; name = "UIImage+CropScaleOrientation.h"; path = "cordova-plugin-camera/UIImage+CropScaleOrientation.h"; sourceTree = "<group>"; fileEncoding = 4; lastKnownFileType = sourcecode.c.h; explicitFileType = undefined; includeInIndex = 0; };
		115002A309ED4FF1AB1A8C44 /* CDVCamera.h */ = {isa = PBXFileReference; name = "CDVCamera.h"; path = "cordova-plugin-camera/CDVCamera.h"; sourceTree = "<group>"; fileEncoding = 4; lastKnownFileType = sourcecode.c.h; explicitFileType = undefined; includeInIndex = 0; };
		655DEAA762664981BC86FC05 /* CDVJpegHeaderWriter.h */ = {isa = PBXFileReference; name = "CDVJpegHeaderWriter.h"; path = "cordova-plugin-camera/CDVJpegHeaderWriter.h"; sourceTree = "<group>"; fileEncoding = 4; lastKnownFileType = sourcecode.c.h; explicitFileType = undefined; includeInIndex = 0; };
		DE7AA03BE4CF4930A89EECD0 /* CDVExif.h */ = {isa = PBXFileReference; name = "CDVExif.h"; path = "cordova-plugin-camera/CDVExif.h"; sourceTree = "<group>"; fileEncoding = 4; lastKnownFileType = sourcecode.c.h; explicitFileType = undefined; includeInIndex = 0; };
		C7B94DE361354B8885EAB486 /* ImageIO.framework */ = {isa = PBXFileReference; name = "ImageIO.framework"; path = "System/Library/Frameworks/ImageIO.framework"; sourceTree = SDKROOT; fileEncoding = undefined; lastKnownFileType = wrapper.framework; explicitFileType = undefined; includeInIndex = 0; };
		8236C79713DD45C3BF3CC0C4 /* CoreLocation.framework */ = {isa = PBXFileReference; name = "CoreLocation.framework"; path = "System/Library/Frameworks/CoreLocation.framework"; sourceTree = SDKROOT; fileEncoding = undefined; lastKnownFileType = wrapper.framework; explicitFileType = undefined; includeInIndex = 0; };
		D1DFDA081381475D98A66A1F /* AVFoundation.framework */ = {isa = PBXFileReference; name = "AVFoundation.framework"; path = "System/Library/Frameworks/AVFoundation.framework"; sourceTree = SDKROOT; fileEncoding = undefined; lastKnownFileType = wrapper.framework; explicitFileType = undefined; includeInIndex = 0; };
		C4B484E51A494CCC9332C115 /* CDVLogger.m */ = {isa = PBXFileReference; name = "CDVLogger.m"; path = "cordova-plugin-console/CDVLogger.m"; sourceTree = "<group>"; fileEncoding = 4; lastKnownFileType = sourcecode.c.objc; explicitFileType = undefined; includeInIndex = 0; };
		24F1C2CF37494D2D9AE3D1D3 /* CDVLogger.h */ = {isa = PBXFileReference; name = "CDVLogger.h"; path = "cordova-plugin-console/CDVLogger.h"; sourceTree = "<group>"; fileEncoding = 4; lastKnownFileType = sourcecode.c.h; explicitFileType = undefined; includeInIndex = 0; };
		01904DC748784F1F92C24E26 /* CDVContacts.m */ = {isa = PBXFileReference; name = "CDVContacts.m"; path = "cordova-plugin-contacts/CDVContacts.m"; sourceTree = "<group>"; fileEncoding = 4; lastKnownFileType = sourcecode.c.objc; explicitFileType = undefined; includeInIndex = 0; };
		15EB5FCAD360435EBF8F01C9 /* CDVContact.m */ = {isa = PBXFileReference; name = "CDVContact.m"; path = "cordova-plugin-contacts/CDVContact.m"; sourceTree = "<group>"; fileEncoding = 4; lastKnownFileType = sourcecode.c.objc; explicitFileType = undefined; includeInIndex = 0; };
		94054AB549FD4D869DDD1FF9 /* CDVContacts.h */ = {isa = PBXFileReference; name = "CDVContacts.h"; path = "cordova-plugin-contacts/CDVContacts.h"; sourceTree = "<group>"; fileEncoding = 4; lastKnownFileType = sourcecode.c.h; explicitFileType = undefined; includeInIndex = 0; };
		5F3DBF531E944B42B9836B8E /* CDVContact.h */ = {isa = PBXFileReference; name = "CDVContact.h"; path = "cordova-plugin-contacts/CDVContact.h"; sourceTree = "<group>"; fileEncoding = 4; lastKnownFileType = sourcecode.c.h; explicitFileType = undefined; includeInIndex = 0; };
		2EB5D050631148D6BED928B2 /* AddressBook.framework */ = {isa = PBXFileReference; name = "AddressBook.framework"; path = "System/Library/Frameworks/AddressBook.framework"; sourceTree = SDKROOT; fileEncoding = undefined; lastKnownFileType = wrapper.framework; explicitFileType = undefined; includeInIndex = 0; };
		65FD36B2F2F04DAFA3C8E90D /* AddressBookUI.framework */ = {isa = PBXFileReference; name = "AddressBookUI.framework"; path = "System/Library/Frameworks/AddressBookUI.framework"; sourceTree = SDKROOT; fileEncoding = undefined; lastKnownFileType = wrapper.framework; explicitFileType = undefined; includeInIndex = 0; };
		F2C35C3805FF40978C79F824 /* CDVDevice.m */ = {isa = PBXFileReference; name = "CDVDevice.m"; path = "cordova-plugin-device/CDVDevice.m"; sourceTree = "<group>"; fileEncoding = 4; lastKnownFileType = sourcecode.c.objc; explicitFileType = undefined; includeInIndex = 0; };
		C201D99B3EF241E5804891D9 /* CDVDevice.h */ = {isa = PBXFileReference; name = "CDVDevice.h"; path = "cordova-plugin-device/CDVDevice.h"; sourceTree = "<group>"; fileEncoding = 4; lastKnownFileType = sourcecode.c.h; explicitFileType = undefined; includeInIndex = 0; };
		FBA2E42DD76F43198DD30FCE /* CDVAccelerometer.m */ = {isa = PBXFileReference; name = "CDVAccelerometer.m"; path = "cordova-plugin-device-motion/CDVAccelerometer.m"; sourceTree = "<group>"; fileEncoding = 4; lastKnownFileType = sourcecode.c.objc; explicitFileType = undefined; includeInIndex = 0; };
		969958854E3B4D23A3379BF6 /* CDVAccelerometer.h */ = {isa = PBXFileReference; name = "CDVAccelerometer.h"; path = "cordova-plugin-device-motion/CDVAccelerometer.h"; sourceTree = "<group>"; fileEncoding = 4; lastKnownFileType = sourcecode.c.h; explicitFileType = undefined; includeInIndex = 0; };
		C7E5CFE0A22A4E36B1B0F475 /* CoreMotion.framework */ = {isa = PBXFileReference; name = "CoreMotion.framework"; path = "System/Library/Frameworks/CoreMotion.framework"; sourceTree = SDKROOT; fileEncoding = undefined; lastKnownFileType = wrapper.framework; explicitFileType = undefined; includeInIndex = 0; };
		A716E50BCFF94DFB943AC28A /* CDVCompass.m */ = {isa = PBXFileReference; name = "CDVCompass.m"; path = "cordova-plugin-device-orientation/CDVCompass.m"; sourceTree = "<group>"; fileEncoding = 4; lastKnownFileType = sourcecode.c.objc; explicitFileType = undefined; includeInIndex = 0; };
		2DFAE25AA269479CA9A84C7C /* CDVCompass.h */ = {isa = PBXFileReference; name = "CDVCompass.h"; path = "cordova-plugin-device-orientation/CDVCompass.h"; sourceTree = "<group>"; fileEncoding = 4; lastKnownFileType = sourcecode.c.h; explicitFileType = undefined; includeInIndex = 0; };
		7DAA1ABA44324CFAB8442A41 /* CDVNotification.m */ = {isa = PBXFileReference; name = "CDVNotification.m"; path = "cordova-plugin-dialogs/CDVNotification.m"; sourceTree = "<group>"; fileEncoding = 4; lastKnownFileType = sourcecode.c.objc; explicitFileType = undefined; includeInIndex = 0; };
		D0ECBAC367EB4145B6721616 /* CDVNotification.h */ = {isa = PBXFileReference; name = "CDVNotification.h"; path = "cordova-plugin-dialogs/CDVNotification.h"; sourceTree = "<group>"; fileEncoding = 4; lastKnownFileType = sourcecode.c.h; explicitFileType = undefined; includeInIndex = 0; };
		C4A96F675CAF4744BBB45312 /* CDVNotification.bundle */ = {isa = PBXFileReference; name = "CDVNotification.bundle"; path = "CDVNotification.bundle"; sourceTree = "<group>"; fileEncoding = undefined; lastKnownFileType = wrapper.plug-in; explicitFileType = undefined; includeInIndex = 0; };
		E0074F64AC444A269D9F4718 /* AudioToolbox.framework */ = {isa = PBXFileReference; name = "AudioToolbox.framework"; path = "System/Library/Frameworks/AudioToolbox.framework"; sourceTree = SDKROOT; fileEncoding = undefined; lastKnownFileType = wrapper.framework; explicitFileType = undefined; includeInIndex = 0; };
		4711618E26B942F99A552779 /* CDVFile.m */ = {isa = PBXFileReference; name = "CDVFile.m"; path = "cordova-plugin-file/CDVFile.m"; sourceTree = "<group>"; fileEncoding = 4; lastKnownFileType = sourcecode.c.objc; explicitFileType = undefined; includeInIndex = 0; };
		C8C56BCBD06D45C5A3F5F266 /* CDVLocalFilesystem.m */ = {isa = PBXFileReference; name = "CDVLocalFilesystem.m"; path = "cordova-plugin-file/CDVLocalFilesystem.m"; sourceTree = "<group>"; fileEncoding = 4; lastKnownFileType = sourcecode.c.objc; explicitFileType = undefined; includeInIndex = 0; };
		532061430D9240E8B2B4AF4B /* CDVAssetLibraryFilesystem.m */ = {isa = PBXFileReference; name = "CDVAssetLibraryFilesystem.m"; path = "cordova-plugin-file/CDVAssetLibraryFilesystem.m"; sourceTree = "<group>"; fileEncoding = 4; lastKnownFileType = sourcecode.c.objc; explicitFileType = undefined; includeInIndex = 0; };
		8F25A7D05124418992E6B9A1 /* CDVFile.h */ = {isa = PBXFileReference; name = "CDVFile.h"; path = "cordova-plugin-file/CDVFile.h"; sourceTree = "<group>"; fileEncoding = 4; lastKnownFileType = sourcecode.c.h; explicitFileType = undefined; includeInIndex = 0; };
		C09112D3F7AA4784B436C4A4 /* CDVLocalFilesystem.h */ = {isa = PBXFileReference; name = "CDVLocalFilesystem.h"; path = "cordova-plugin-file/CDVLocalFilesystem.h"; sourceTree = "<group>"; fileEncoding = 4; lastKnownFileType = sourcecode.c.h; explicitFileType = undefined; includeInIndex = 0; };
		D479277B81044532AA397A66 /* CDVAssetLibraryFilesystem.h */ = {isa = PBXFileReference; name = "CDVAssetLibraryFilesystem.h"; path = "cordova-plugin-file/CDVAssetLibraryFilesystem.h"; sourceTree = "<group>"; fileEncoding = 4; lastKnownFileType = sourcecode.c.h; explicitFileType = undefined; includeInIndex = 0; };
		4755121933F04966BFEB1639 /* CDVFileTransfer.m */ = {isa = PBXFileReference; name = "CDVFileTransfer.m"; path = "cordova-plugin-file-transfer/CDVFileTransfer.m"; sourceTree = "<group>"; fileEncoding = 4; lastKnownFileType = sourcecode.c.objc; explicitFileType = undefined; includeInIndex = 0; };
		8E9FD82EA44448BA9CE51933 /* CDVFileTransfer.h */ = {isa = PBXFileReference; name = "CDVFileTransfer.h"; path = "cordova-plugin-file-transfer/CDVFileTransfer.h"; sourceTree = "<group>"; fileEncoding = 4; lastKnownFileType = sourcecode.c.h; explicitFileType = undefined; includeInIndex = 0; };
		7E3A7AC106454CD1A4BFEB89 /* CDVLocation.m */ = {isa = PBXFileReference; name = "CDVLocation.m"; path = "cordova-plugin-geolocation/CDVLocation.m"; sourceTree = "<group>"; fileEncoding = 4; lastKnownFileType = sourcecode.c.objc; explicitFileType = undefined; includeInIndex = 0; };
		BCF8DCB43D574CD1A311A12B /* CDVLocation.h */ = {isa = PBXFileReference; name = "CDVLocation.h"; path = "cordova-plugin-geolocation/CDVLocation.h"; sourceTree = "<group>"; fileEncoding = 4; lastKnownFileType = sourcecode.c.h; explicitFileType = undefined; includeInIndex = 0; };
		7904A8E9DFD342ACB02D5D4D /* CDVGlobalization.m */ = {isa = PBXFileReference; name = "CDVGlobalization.m"; path = "cordova-plugin-globalization/CDVGlobalization.m"; sourceTree = "<group>"; fileEncoding = 4; lastKnownFileType = sourcecode.c.objc; explicitFileType = undefined; includeInIndex = 0; };
		BE18A14B5FAD405BAD310E37 /* CDVGlobalization.h */ = {isa = PBXFileReference; name = "CDVGlobalization.h"; path = "cordova-plugin-globalization/CDVGlobalization.h"; sourceTree = "<group>"; fileEncoding = 4; lastKnownFileType = sourcecode.c.h; explicitFileType = undefined; includeInIndex = 0; };
		C9A84FD8A8504226A882AB88 /* CDVInAppBrowser.m */ = {isa = PBXFileReference; name = "CDVInAppBrowser.m"; path = "cordova-plugin-inappbrowser/CDVInAppBrowser.m"; sourceTree = "<group>"; fileEncoding = 4; lastKnownFileType = sourcecode.c.objc; explicitFileType = undefined; includeInIndex = 0; };
		6B01024992C14DDFB8C3CA3A /* CDVInAppBrowser.h */ = {isa = PBXFileReference; name = "CDVInAppBrowser.h"; path = "cordova-plugin-inappbrowser/CDVInAppBrowser.h"; sourceTree = "<group>"; fileEncoding = 4; lastKnownFileType = sourcecode.c.h; explicitFileType = undefined; includeInIndex = 0; };
		E9333DCD1DD04BB28C3438BE /* CDVSound.m */ = {isa = PBXFileReference; name = "CDVSound.m"; path = "cordova-plugin-media/CDVSound.m"; sourceTree = "<group>"; fileEncoding = 4; lastKnownFileType = sourcecode.c.objc; explicitFileType = undefined; includeInIndex = 0; };
		C7F4A6EA3BF840FEA2B63F16 /* CDVSound.h */ = {isa = PBXFileReference; name = "CDVSound.h"; path = "cordova-plugin-media/CDVSound.h"; sourceTree = "<group>"; fileEncoding = 4; lastKnownFileType = sourcecode.c.h; explicitFileType = undefined; includeInIndex = 0; };
		37F71C01DCF74DECAF59FD58 /* CDVCapture.m */ = {isa = PBXFileReference; name = "CDVCapture.m"; path = "cordova-plugin-media-capture/CDVCapture.m"; sourceTree = "<group>"; fileEncoding = 4; lastKnownFileType = sourcecode.c.objc; explicitFileType = undefined; includeInIndex = 0; };
		E2F485209D8B4AC79497241D /* CDVCapture.h */ = {isa = PBXFileReference; name = "CDVCapture.h"; path = "cordova-plugin-media-capture/CDVCapture.h"; sourceTree = "<group>"; fileEncoding = 4; lastKnownFileType = sourcecode.c.h; explicitFileType = undefined; includeInIndex = 0; };
		19C082C60BA8481F8688EBAD /* CDVCapture.bundle */ = {isa = PBXFileReference; name = "CDVCapture.bundle"; path = "CDVCapture.bundle"; sourceTree = "<group>"; fileEncoding = undefined; lastKnownFileType = wrapper.plug-in; explicitFileType = undefined; includeInIndex = 0; };
		C8521E48A1454447A5CFF61E /* CDVConnection.m */ = {isa = PBXFileReference; name = "CDVConnection.m"; path = "cordova-plugin-network-information/CDVConnection.m"; sourceTree = "<group>"; fileEncoding = 4; lastKnownFileType = sourcecode.c.objc; explicitFileType = undefined; includeInIndex = 0; };
		1F0E562339C3439BBDD019CB /* CDVReachability.m */ = {isa = PBXFileReference; name = "CDVReachability.m"; path = "cordova-plugin-network-information/CDVReachability.m"; sourceTree = "<group>"; fileEncoding = 4; lastKnownFileType = sourcecode.c.objc; explicitFileType = undefined; includeInIndex = 0; };
		8CE9293565B340F189C4EB0D /* CDVConnection.h */ = {isa = PBXFileReference; name = "CDVConnection.h"; path = "cordova-plugin-network-information/CDVConnection.h"; sourceTree = "<group>"; fileEncoding = 4; lastKnownFileType = sourcecode.c.h; explicitFileType = undefined; includeInIndex = 0; };
		FB3F8C30B87F477389B80193 /* CDVReachability.h */ = {isa = PBXFileReference; name = "CDVReachability.h"; path = "cordova-plugin-network-information/CDVReachability.h"; sourceTree = "<group>"; fileEncoding = 4; lastKnownFileType = sourcecode.c.h; explicitFileType = undefined; includeInIndex = 0; };
		A525B456B82449EBB5EE5587 /* SystemConfiguration.framework */ = {isa = PBXFileReference; name = "SystemConfiguration.framework"; path = "System/Library/Frameworks/SystemConfiguration.framework"; sourceTree = SDKROOT; fileEncoding = undefined; lastKnownFileType = wrapper.framework; explicitFileType = undefined; includeInIndex = 0; };
		3BF8569002984512935C1F4E /* CoreTelephony.framework */ = {isa = PBXFileReference; name = "CoreTelephony.framework"; path = "System/Library/Frameworks/CoreTelephony.framework"; sourceTree = SDKROOT; fileEncoding = undefined; lastKnownFileType = wrapper.framework; explicitFileType = undefined; includeInIndex = 0; };
		7F564E716533480B87D88E4C /* CDVSplashScreen.m */ = {isa = PBXFileReference; name = "CDVSplashScreen.m"; path = "cordova-plugin-splashscreen/CDVSplashScreen.m"; sourceTree = "<group>"; fileEncoding = 4; lastKnownFileType = sourcecode.c.objc; explicitFileType = undefined; includeInIndex = 0; };
		F24B9107066040ADA8A5BDC8 /* CDVViewController+SplashScreen.m */ = {isa = PBXFileReference; name = "CDVViewController+SplashScreen.m"; path = "cordova-plugin-splashscreen/CDVViewController+SplashScreen.m"; sourceTree = "<group>"; fileEncoding = 4; lastKnownFileType = sourcecode.c.objc; explicitFileType = undefined; includeInIndex = 0; };
		E1F106B538CD4A619801FB57 /* CDVSplashScreen.h */ = {isa = PBXFileReference; name = "CDVSplashScreen.h"; path = "cordova-plugin-splashscreen/CDVSplashScreen.h"; sourceTree = "<group>"; fileEncoding = 4; lastKnownFileType = sourcecode.c.h; explicitFileType = undefined; includeInIndex = 0; };
		8AD7E6F7EB8442539B36A8E3 /* CDVViewController+SplashScreen.h */ = {isa = PBXFileReference; name = "CDVViewController+SplashScreen.h"; path = "cordova-plugin-splashscreen/CDVViewController+SplashScreen.h"; sourceTree = "<group>"; fileEncoding = 4; lastKnownFileType = sourcecode.c.h; explicitFileType = undefined; includeInIndex = 0; };
		1359D0394F8E4047AE6293CE /* CDVStatusBar.m */ = {isa = PBXFileReference; name = "CDVStatusBar.m"; path = "cordova-plugin-statusbar/CDVStatusBar.m"; sourceTree = "<group>"; fileEncoding = 4; lastKnownFileType = sourcecode.c.objc; explicitFileType = undefined; includeInIndex = 0; };
		84D4952CF45E49C9838CEC39 /* CDVStatusBar.h */ = {isa = PBXFileReference; name = "CDVStatusBar.h"; path = "cordova-plugin-statusbar/CDVStatusBar.h"; sourceTree = "<group>"; fileEncoding = 4; lastKnownFileType = sourcecode.c.h; explicitFileType = undefined; includeInIndex = 0; };
		D11F08B4B8084A4CA76DB332 /* CDVVibration.m */ = {isa = PBXFileReference; name = "CDVVibration.m"; path = "cordova-plugin-vibration/CDVVibration.m"; sourceTree = "<group>"; fileEncoding = 4; lastKnownFileType = sourcecode.c.objc; explicitFileType = undefined; includeInIndex = 0; };
		26A16A29D5504E1C8BD63696 /* CDVVibration.h */ = {isa = PBXFileReference; name = "CDVVibration.h"; path = "cordova-plugin-vibration/CDVVibration.h"; sourceTree = "<group>"; fileEncoding = 4; lastKnownFileType = sourcecode.c.h; explicitFileType = undefined; includeInIndex = 0; };
/* End PBXFileReference section */

/* Begin PBXFrameworksBuildPhase section */
		1D60588F0D05DD3D006BFB54 /* Frameworks */ = {
			isa = PBXFrameworksBuildPhase;
			buildActionMask = 2147483647;
			files = (
				301BF552109A68D80062928A /* libCordova.a in Frameworks */,
				DF1B3B558C594938B8D22D3F /* ImageIO.framework in Frameworks */,
				CF5193D200A04A67A4700446 /* CoreLocation.framework in Frameworks */,
				D3DB5DAFD98F47299A669172 /* AVFoundation.framework in Frameworks */,
				E4F5C21B70EC48B6A6622E61 /* AddressBook.framework in Frameworks */,
				02215FF91F3E44B7AEFAFF15 /* AddressBookUI.framework in Frameworks */,
				0BB1961242E946118513BE81 /* CoreMotion.framework in Frameworks */,
				6838654C840F424BB588A4ED /* AudioToolbox.framework in Frameworks */,
				272732168B7B4D49B83E46FD /* SystemConfiguration.framework in Frameworks */,
				EE3CC41B48704ACB88F3D57B /* CoreTelephony.framework in Frameworks */,
			);
			runOnlyForDeploymentPostprocessing = 0;
		};
/* End PBXFrameworksBuildPhase section */

/* Begin PBXGroup section */
		080E96DDFE201D6D7F000001 /* Classes */ = {
			isa = PBXGroup;
			children = (
				302D95EE14D2391D003F00A1 /* MainViewController.h */,
				302D95EF14D2391D003F00A1 /* MainViewController.m */,
				302D95F014D2391D003F00A1 /* MainViewController.xib */,
				1D3623240D0F684500981E51 /* AppDelegate.h */,
				1D3623250D0F684500981E51 /* AppDelegate.m */,
			);
			name = Classes;
			path = "Medicina Hospitalaria/Classes";
			sourceTree = SOURCE_ROOT;
		};
		19C28FACFE9D520D11CA2CBB /* Products */ = {
			isa = PBXGroup;
			children = (
				1D6058910D05DD3D006BFB54 /* Medicina Hospitalaria.app */,
			);
			name = Products;
			sourceTree = "<group>";
		};
		29B97314FDCFA39411CA2CEA /* CustomTemplate */ = {
			isa = PBXGroup;
			children = (
				EB87FDF41871DAF40020F90C /* config.xml */,
				EB87FDF31871DA8E0020F90C /* www */,
				EB87FDF11871DA420020F90C /* Staging */,
				301BF52D109A57CC0062928A /* CordovaLib.xcodeproj */,
				080E96DDFE201D6D7F000001 /* Classes */,
				307C750510C5A3420062BCA9 /* Plugins */,
				29B97315FDCFA39411CA2CEA /* Other Sources */,
				29B97317FDCFA39411CA2CEA /* Resources */,
				29B97323FDCFA39411CA2CEA /* Frameworks */,
				19C28FACFE9D520D11CA2CBB /* Products */,
			);
			name = CustomTemplate;
			sourceTree = "<group>";
		};
		29B97315FDCFA39411CA2CEA /* Other Sources */ = {
			isa = PBXGroup;
			children = (
				32CA4F630368D1EE00C91783 /* Medicina Hospitalaria-Prefix.pch */,
				29B97316FDCFA39411CA2CEA /* main.m */,
				ED33DF2A687741AEAF9F8254 /* Bridging-Header.h */,
			);
			name = "Other Sources";
			path = "Medicina Hospitalaria";
			sourceTree = "<group>";
		};
		29B97317FDCFA39411CA2CEA /* Resources */ = {
			isa = PBXGroup;
			children = (
				0207DA571B56EA530066E2B4 /* Images.xcassets */,
				3047A50E1AB8057F00498E2A /* config */,
				8D1107310486CEB800E47090 /* Medicina Hospitalaria-Info.plist */,
				6AFF5BF81D6E424B00AB3073 /* CDVLaunchScreen.storyboard */,
				C4A96F675CAF4744BBB45312 /* CDVNotification.bundle */,
				19C082C60BA8481F8688EBAD /* CDVCapture.bundle */,
			);
			name = Resources;
			path = "Medicina Hospitalaria/Resources";
			sourceTree = "<group>";
		};
		29B97323FDCFA39411CA2CEA /* Frameworks */ = {
			isa = PBXGroup;
			children = (
				C7B94DE361354B8885EAB486 /* ImageIO.framework */,
				8236C79713DD45C3BF3CC0C4 /* CoreLocation.framework */,
				D1DFDA081381475D98A66A1F /* AVFoundation.framework */,
				2EB5D050631148D6BED928B2 /* AddressBook.framework */,
				65FD36B2F2F04DAFA3C8E90D /* AddressBookUI.framework */,
				C7E5CFE0A22A4E36B1B0F475 /* CoreMotion.framework */,
				E0074F64AC444A269D9F4718 /* AudioToolbox.framework */,
				A525B456B82449EBB5EE5587 /* SystemConfiguration.framework */,
				3BF8569002984512935C1F4E /* CoreTelephony.framework */,
			);
			name = Frameworks;
			sourceTree = "<group>";
		};
		301BF52E109A57CC0062928A /* Products */ = {
			isa = PBXGroup;
			children = (
				301BF535109A57CC0062928A /* libCordova.a */,
			);
			name = Products;
			sourceTree = "<group>";
		};
		3047A50E1AB8057F00498E2A /* config */ = {
			isa = PBXGroup;
			children = (
				3047A50F1AB8059700498E2A /* build-debug.xcconfig */,
				3047A5101AB8059700498E2A /* build-release.xcconfig */,
				3047A5111AB8059700498E2A /* build.xcconfig */,
			);
			name = config;
			sourceTree = "<group>";
		};
		307C750510C5A3420062BCA9 /* Plugins */ = {
			isa = PBXGroup;
			children = (
				6BD0529A578E48AE9A59D6DE /* CDVBattery.m */,
				623FBA9C303B4DD5B8902AA8 /* CDVBattery.h */,
				A93960875A2245C3997C8F0D /* UIImage+CropScaleOrientation.m */,
				6E5CD7EDC5B9401CB13118E3 /* CDVCamera.m */,
				22297C567A914752BD05F8EB /* CDVJpegHeaderWriter.m */,
				6B1900649C034759859FAC63 /* UIImage+CropScaleOrientation.h */,
				115002A309ED4FF1AB1A8C44 /* CDVCamera.h */,
				655DEAA762664981BC86FC05 /* CDVJpegHeaderWriter.h */,
				DE7AA03BE4CF4930A89EECD0 /* CDVExif.h */,
				C4B484E51A494CCC9332C115 /* CDVLogger.m */,
				24F1C2CF37494D2D9AE3D1D3 /* CDVLogger.h */,
				01904DC748784F1F92C24E26 /* CDVContacts.m */,
				15EB5FCAD360435EBF8F01C9 /* CDVContact.m */,
				94054AB549FD4D869DDD1FF9 /* CDVContacts.h */,
				5F3DBF531E944B42B9836B8E /* CDVContact.h */,
				F2C35C3805FF40978C79F824 /* CDVDevice.m */,
				C201D99B3EF241E5804891D9 /* CDVDevice.h */,
				FBA2E42DD76F43198DD30FCE /* CDVAccelerometer.m */,
				969958854E3B4D23A3379BF6 /* CDVAccelerometer.h */,
				A716E50BCFF94DFB943AC28A /* CDVCompass.m */,
				2DFAE25AA269479CA9A84C7C /* CDVCompass.h */,
				7DAA1ABA44324CFAB8442A41 /* CDVNotification.m */,
				D0ECBAC367EB4145B6721616 /* CDVNotification.h */,
				4711618E26B942F99A552779 /* CDVFile.m */,
				C8C56BCBD06D45C5A3F5F266 /* CDVLocalFilesystem.m */,
				532061430D9240E8B2B4AF4B /* CDVAssetLibraryFilesystem.m */,
				8F25A7D05124418992E6B9A1 /* CDVFile.h */,
				C09112D3F7AA4784B436C4A4 /* CDVLocalFilesystem.h */,
				D479277B81044532AA397A66 /* CDVAssetLibraryFilesystem.h */,
				4755121933F04966BFEB1639 /* CDVFileTransfer.m */,
				8E9FD82EA44448BA9CE51933 /* CDVFileTransfer.h */,
				7E3A7AC106454CD1A4BFEB89 /* CDVLocation.m */,
				BCF8DCB43D574CD1A311A12B /* CDVLocation.h */,
				7904A8E9DFD342ACB02D5D4D /* CDVGlobalization.m */,
				BE18A14B5FAD405BAD310E37 /* CDVGlobalization.h */,
				C9A84FD8A8504226A882AB88 /* CDVInAppBrowser.m */,
				6B01024992C14DDFB8C3CA3A /* CDVInAppBrowser.h */,
				E9333DCD1DD04BB28C3438BE /* CDVSound.m */,
				C7F4A6EA3BF840FEA2B63F16 /* CDVSound.h */,
				37F71C01DCF74DECAF59FD58 /* CDVCapture.m */,
				E2F485209D8B4AC79497241D /* CDVCapture.h */,
				C8521E48A1454447A5CFF61E /* CDVConnection.m */,
				1F0E562339C3439BBDD019CB /* CDVReachability.m */,
				8CE9293565B340F189C4EB0D /* CDVConnection.h */,
				FB3F8C30B87F477389B80193 /* CDVReachability.h */,
				7F564E716533480B87D88E4C /* CDVSplashScreen.m */,
				F24B9107066040ADA8A5BDC8 /* CDVViewController+SplashScreen.m */,
				E1F106B538CD4A619801FB57 /* CDVSplashScreen.h */,
				8AD7E6F7EB8442539B36A8E3 /* CDVViewController+SplashScreen.h */,
				1359D0394F8E4047AE6293CE /* CDVStatusBar.m */,
				84D4952CF45E49C9838CEC39 /* CDVStatusBar.h */,
				D11F08B4B8084A4CA76DB332 /* CDVVibration.m */,
				26A16A29D5504E1C8BD63696 /* CDVVibration.h */,
			);
			name = Plugins;
			path = "Medicina Hospitalaria/Plugins";
			sourceTree = SOURCE_ROOT;
		};
		EB87FDF11871DA420020F90C /* Staging */ = {
			isa = PBXGroup;
			children = (
				F840E1F0165FE0F500CFE078 /* config.xml */,
				301BF56E109A69640062928A /* www */,
			);
			name = Staging;
			sourceTree = "<group>";
		};
/* End PBXGroup section */

/* Begin PBXNativeTarget section */
		1D6058900D05DD3D006BFB54 /* Medicina Hospitalaria */ = {
			isa = PBXNativeTarget;
			buildConfigurationList = 1D6058960D05DD3E006BFB54 /* Build configuration list for PBXNativeTarget "Medicina Hospitalaria" */;
			buildPhases = (
				304B58A110DAC018002A0835 /* Copy www directory */,
				1D60588D0D05DD3D006BFB54 /* Resources */,
				1D60588E0D05DD3D006BFB54 /* Sources */,
				1D60588F0D05DD3D006BFB54 /* Frameworks */,
			);
			buildRules = (
			);
			dependencies = (
				301BF551109A68C00062928A /* PBXTargetDependency */,
			);
			name = "Medicina Hospitalaria";
			productName = "Medicina Hospitalaria";
			productReference = 1D6058910D05DD3D006BFB54 /* Medicina Hospitalaria.app */;
			productType = "com.apple.product-type.application";
		};
/* End PBXNativeTarget section */

/* Begin PBXProject section */
		29B97313FDCFA39411CA2CEA /* Project object */ = {
			isa = PBXProject;
			attributes = {
				LastUpgradeCheck = 510;
			};
			buildConfigurationList = C01FCF4E08A954540054247B /* Build configuration list for PBXProject "__NON-CLI__" */;
			compatibilityVersion = "Xcode 3.2";
			developmentRegion = English;
			hasScannedForEncodings = 1;
			mainGroup = 29B97314FDCFA39411CA2CEA /* CustomTemplate */;
			projectDirPath = "";
			projectReferences = (
				{
					ProductGroup = 301BF52E109A57CC0062928A /* Products */;
					ProjectRef = 301BF52D109A57CC0062928A /* CordovaLib.xcodeproj */;
				},
			);
			projectRoot = "";
			targets = (
				1D6058900D05DD3D006BFB54 /* Medicina Hospitalaria */,
			);
		};
/* End PBXProject section */

/* Begin PBXReferenceProxy section */
		301BF535109A57CC0062928A /* libCordova.a */ = {
			isa = PBXReferenceProxy;
			fileType = archive.ar;
			path = libCordova.a;
			remoteRef = 301BF534109A57CC0062928A /* PBXContainerItemProxy */;
			sourceTree = BUILT_PRODUCTS_DIR;
		};
/* End PBXReferenceProxy section */

/* Begin PBXResourcesBuildPhase section */
		1D60588D0D05DD3D006BFB54 /* Resources */ = {
			isa = PBXResourcesBuildPhase;
			buildActionMask = 2147483647;
			files = (
				302D95F214D2391D003F00A1 /* MainViewController.xib in Resources */,
				0207DA581B56EA530066E2B4 /* Images.xcassets in Resources */,
				6AFF5BF91D6E424B00AB3073 /* CDVLaunchScreen.storyboard in Resources */,
				6546DE21CEFE485FBB5DB74B /* CDVNotification.bundle in Resources */,
				7DFDBCE8D0BB4F2B8BE6B2CC /* CDVCapture.bundle in Resources */,
			);
			runOnlyForDeploymentPostprocessing = 0;
		};
/* End PBXResourcesBuildPhase section */

/* Begin PBXShellScriptBuildPhase section */
		304B58A110DAC018002A0835 /* Copy www directory */ = {
			isa = PBXShellScriptBuildPhase;
			buildActionMask = 2147483647;
			files = (
			);
			inputPaths = (
			);
			name = "Copy www directory";
			outputPaths = (
			);
			runOnlyForDeploymentPostprocessing = 0;
			shellPath = /bin/sh;
			shellScript = "NODEJS_PATH=/usr/local/bin; NVM_NODE_PATH=~/.nvm/versions/node/`nvm version 2>/dev/null`/bin; N_NODE_PATH=`find /usr/local/n/versions/node/* -maxdepth 0 -type d 2>/dev/null | tail -1`/bin; XCODE_NODE_PATH=`xcode-select --print-path`/usr/share/xcs/Node/bin; PATH=$NODEJS_PATH:$NVM_NODE_PATH:$N_NODE_PATH:$XCODE_NODE_PATH:$PATH && node cordova/lib/copy-www-build-step.js";
			showEnvVarsInLog = 0;
		};
/* End PBXShellScriptBuildPhase section */

/* Begin PBXSourcesBuildPhase section */
		1D60588E0D05DD3D006BFB54 /* Sources */ = {
			isa = PBXSourcesBuildPhase;
			buildActionMask = 2147483647;
			files = (
				1D60589B0D05DD56006BFB54 /* main.m in Sources */,
				1D3623260D0F684500981E51 /* AppDelegate.m in Sources */,
				302D95F114D2391D003F00A1 /* MainViewController.m in Sources */,
				9EE42794760D4FFE8E7C8C46 /* CDVBattery.m in Sources */,
				007D3688FFFB410EB74CA75D /* UIImage+CropScaleOrientation.m in Sources */,
				F3B2832DAF8B4B019552776C /* CDVCamera.m in Sources */,
				AF472F206EC2445CB841B9F3 /* CDVJpegHeaderWriter.m in Sources */,
				2F5FA320460644EDA11A1434 /* CDVLogger.m in Sources */,
				6BD3C44A96D84C00844C2759 /* CDVContacts.m in Sources */,
				F8EC162397EB424DA2859C27 /* CDVContact.m in Sources */,
				B419833E00E84B48B7BE51AA /* CDVDevice.m in Sources */,
				9EBAD8C2CF8E4896BBA2E5E4 /* CDVAccelerometer.m in Sources */,
				ED5CAEFB2DB0454B9A6F9A94 /* CDVCompass.m in Sources */,
				034BA2B2E552427587E6EF58 /* CDVNotification.m in Sources */,
				B793A6ED673944CDBCE9DADE /* CDVFile.m in Sources */,
				A018F0080B214E9E810065DB /* CDVLocalFilesystem.m in Sources */,
				E3518369B3994575A9247C8B /* CDVAssetLibraryFilesystem.m in Sources */,
				92D3F8EA9C7A4DEBAC23D4C6 /* CDVFileTransfer.m in Sources */,
				65D83E73B88340BDB77F5455 /* CDVLocation.m in Sources */,
				CCFB0FE420334785825D5DBD /* CDVGlobalization.m in Sources */,
				6F9040B417DF4D59A514B327 /* CDVInAppBrowser.m in Sources */,
				E6437B5E00474BA09BBD29EA /* CDVSound.m in Sources */,
				155835A0FFA040EF9494CC89 /* CDVCapture.m in Sources */,
				D13FC4676C7543F1A18B8172 /* CDVConnection.m in Sources */,
				420D6D676D074820BDAD96F3 /* CDVReachability.m in Sources */,
				AC917A04F5684FFA80D7702F /* CDVSplashScreen.m in Sources */,
				E348B98EFBAB47BA97CD3F01 /* CDVViewController+SplashScreen.m in Sources */,
				CA100F0D80824A99AA7EBE74 /* CDVStatusBar.m in Sources */,
				E1D1636D70BA4C0789F3DCF3 /* CDVVibration.m in Sources */,
			);
			runOnlyForDeploymentPostprocessing = 0;
		};
/* End PBXSourcesBuildPhase section */

/* Begin PBXTargetDependency section */
		301BF551109A68C00062928A /* PBXTargetDependency */ = {
			isa = PBXTargetDependency;
			name = CordovaLib;
			targetProxy = 301BF550109A68C00062928A /* PBXContainerItemProxy */;
		};
/* End PBXTargetDependency section */

/* Begin XCBuildConfiguration section */
		1D6058940D05DD3E006BFB54 /* Debug */ = {
			isa = XCBuildConfiguration;
			baseConfigurationReference = 3047A50F1AB8059700498E2A /* build-debug.xcconfig */;
			buildSettings = {
				ALWAYS_SEARCH_USER_PATHS = NO;
				ASSETCATALOG_COMPILER_APPICON_NAME = AppIcon;
				ASSETCATALOG_COMPILER_LAUNCHIMAGE_NAME = LaunchImage;
				CLANG_ENABLE_MODULES = YES;
				CLANG_ENABLE_OBJC_ARC = YES;
				COPY_PHASE_STRIP = NO;
				GCC_DYNAMIC_NO_PIC = NO;
				GCC_OPTIMIZATION_LEVEL = 0;
				GCC_PRECOMPILE_PREFIX_HEADER = YES;
				GCC_PREFIX_HEADER = "Medicina Hospitalaria/Medicina Hospitalaria-Prefix.pch";
				GCC_THUMB_SUPPORT = NO;
				GCC_VERSION = "";
				INFOPLIST_FILE = "Medicina Hospitalaria/Medicina Hospitalaria-Info.plist";
				IPHONEOS_DEPLOYMENT_TARGET = 9.0;
				LD_RUNPATH_SEARCH_PATHS = "@executable_path/Frameworks";
				TARGETED_DEVICE_FAMILY = "1,2";
				PRODUCT_NAME = "Medicina Hospitalaria";
			};
			name = Debug;
		};
		1D6058950D05DD3E006BFB54 /* Release */ = {
			isa = XCBuildConfiguration;
			baseConfigurationReference = 3047A5101AB8059700498E2A /* build-release.xcconfig */;
			buildSettings = {
				ALWAYS_SEARCH_USER_PATHS = NO;
				ASSETCATALOG_COMPILER_APPICON_NAME = AppIcon;
				ASSETCATALOG_COMPILER_LAUNCHIMAGE_NAME = LaunchImage;
				CLANG_ENABLE_MODULES = YES;
				CLANG_ENABLE_OBJC_ARC = YES;
				COPY_PHASE_STRIP = YES;
				GCC_PRECOMPILE_PREFIX_HEADER = YES;
				GCC_PREFIX_HEADER = "Medicina Hospitalaria/Medicina Hospitalaria-Prefix.pch";
				GCC_THUMB_SUPPORT = NO;
				GCC_VERSION = "";
				INFOPLIST_FILE = "Medicina Hospitalaria/Medicina Hospitalaria-Info.plist";
				IPHONEOS_DEPLOYMENT_TARGET = 9.0;
				LD_RUNPATH_SEARCH_PATHS = "@executable_path/Frameworks";
				TARGETED_DEVICE_FAMILY = "1,2";
				PRODUCT_NAME = "Medicina Hospitalaria";
			};
			name = Release;
		};
		C01FCF4F08A954540054247B /* Debug */ = {
			isa = XCBuildConfiguration;
			baseConfigurationReference = 3047A5111AB8059700498E2A /* build.xcconfig */;
			buildSettings = {
				CLANG_ENABLE_MODULES = YES;
				CLANG_ENABLE_OBJC_ARC = YES;
				CLANG_WARN_BOOL_CONVERSION = YES;
				CLANG_WARN_CONSTANT_CONVERSION = YES;
				CLANG_WARN_EMPTY_BODY = YES;
				CLANG_WARN_ENUM_CONVERSION = YES;
				CLANG_WARN_INT_CONVERSION = YES;
				CLANG_WARN__DUPLICATE_METHOD_MATCH = YES;
				GCC_C_LANGUAGE_STANDARD = c99;
				GCC_THUMB_SUPPORT = NO;
				GCC_VERSION = "";
				GCC_WARN_ABOUT_RETURN_TYPE = YES;
				GCC_WARN_UNDECLARED_SELECTOR = YES;
				GCC_WARN_UNINITIALIZED_AUTOS = YES;
				GCC_WARN_UNUSED_FUNCTION = YES;
				GCC_WARN_UNUSED_VARIABLE = YES;
				ONLY_ACTIVE_ARCH = YES;
				SDKROOT = iphoneos;
				SKIP_INSTALL = NO;
			};
			name = Debug;
		};
		C01FCF5008A954540054247B /* Release */ = {
			isa = XCBuildConfiguration;
			baseConfigurationReference = 3047A5111AB8059700498E2A /* build.xcconfig */;
			buildSettings = {
				CLANG_ENABLE_MODULES = YES;
				CLANG_ENABLE_OBJC_ARC = YES;
				CLANG_WARN_BOOL_CONVERSION = YES;
				CLANG_WARN_CONSTANT_CONVERSION = YES;
				CLANG_WARN_EMPTY_BODY = YES;
				CLANG_WARN_ENUM_CONVERSION = YES;
				CLANG_WARN_INT_CONVERSION = YES;
				CLANG_WARN__DUPLICATE_METHOD_MATCH = YES;
				GCC_C_LANGUAGE_STANDARD = c99;
				GCC_THUMB_SUPPORT = NO;
				GCC_VERSION = "";
				GCC_WARN_ABOUT_RETURN_TYPE = YES;
				GCC_WARN_UNDECLARED_SELECTOR = YES;
				GCC_WARN_UNINITIALIZED_AUTOS = YES;
				GCC_WARN_UNUSED_FUNCTION = YES;
				GCC_WARN_UNUSED_VARIABLE = YES;
				SDKROOT = iphoneos;
				SKIP_INSTALL = NO;
			};
			name = Release;
		};
/* End XCBuildConfiguration section */

/* Begin XCConfigurationList section */
		1D6058960D05DD3E006BFB54 /* Build configuration list for PBXNativeTarget "Medicina Hospitalaria" */ = {
			isa = XCConfigurationList;
			buildConfigurations = (
				1D6058940D05DD3E006BFB54 /* Debug */,
				1D6058950D05DD3E006BFB54 /* Release */,
			);
			defaultConfigurationIsVisible = 0;
			defaultConfigurationName = Release;
		};
		C01FCF4E08A954540054247B /* Build configuration list for PBXProject "__NON-CLI__" */ = {
			isa = XCConfigurationList;
			buildConfigurations = (
				C01FCF4F08A954540054247B /* Debug */,
				C01FCF5008A954540054247B /* Release */,
			);
			defaultConfigurationIsVisible = 0;
			defaultConfigurationName = Release;
		};
/* End XCConfigurationList section */
	};
	rootObject = 29B97313FDCFA39411CA2CEA /* Project object */;
}
